
Microsoft Visual Studio Solution File, Format Version 12.00
# Visual Studio 14
VisualStudioVersion = 14.0.25420.1
MinimumVisualStudioVersion = 10.0.40219.1
Project("{FAE04EC0-301F-11D3-BF4B-00C04F79EFBC}") = "01.SpecialNumbers", "01.SpecialNumbers\01.SpecialNumbers.csproj", "{53F6C51E-B254-4241-A977-1B02653CA1DA}"
EndProject
Project("{FAE04EC0-301F-11D3-BF4B-00C04F79EFBC}") = "02.TriplesOfLatinLetters", "02.TriplesOfLatinLetters\02.TriplesOfLatinLetters.csproj", "{7D9779A2-BC2A-49EF-A75F-0B71D3A73908}"
EndProject
Project("{FAE04EC0-301F-11D3-BF4B-00C04F79EFBC}") = "03.Greeting", "03.Greeting\03.Greeting.csproj", "{6015B0BF-B471-48AC-A751-380B9D8DB935}"
EndProject
Project("{FAE04EC0-301F-11D3-BF4B-00C04F79EFBC}") = "04.RefactorVolumeOfPyramid", "04.RefactorVolumeOfPyramid\04.RefactorVolumeOfPyramid.csproj", "{7449BA0F-4C5C-4331-810C-4166E7C1067E}"
EndProject
Project("{FAE04EC0-301F-11D3-BF4B-00C04F79EFBC}") = "05.RefactorSpecialNumbers", "05.RefactorSpecialNumbers\05.RefactorSpecialNumbers.csproj", "{B391F9FE-9DEE-409C-983C-AB7A728444C1}"
EndProject
Global
	GlobalSection(SolutionConfigurationPlatforms) = preSolution
		Debug|Any CPU = Debug|Any CPU
		Release|Any CPU = Release|Any CPU
	EndGlobalSection
	GlobalSection(ProjectConfigurationPlatforms) = postSolution
		{53F6C51E-B254-4241-A977-1B02653CA1DA}.Debug|Any CPU.ActiveCfg = Debug|Any CPU
		{53F6C51E-B254-4241-A977-1B02653CA1DA}.Debug|Any CPU.Build.0 = Debug|Any CPU
		{53F6C51E-B254-4241-A977-1B02653CA1DA}.Release|Any CPU.ActiveCfg = Release|Any CPU
		{53F6C51E-B254-4241-A977-1B02653CA1DA}.Release|Any CPU.Build.0 = Release|Any CPU
		{7D9779A2-BC2A-49EF-A75F-0B71D3A73908}.Debug|Any CPU.ActiveCfg = Debug|Any CPU
		{7D9779A2-BC2A-49EF-A75F-0B71D3A73908}.Debug|Any CPU.Build.0 = Debug|Any CPU
		{7D9779A2-BC2A-49EF-A75F-0B71D3A73908}.Release|Any CPU.ActiveCfg = Release|Any CPU
		{7D9779A2-BC2A-49EF-A75F-0B71D3A73908}.Release|Any CPU.Build.0 = Release|Any CPU
		{6015B0BF-B471-48AC-A751-380B9D8DB935}.Debug|Any CPU.ActiveCfg = Debug|Any CPU
		{6015B0BF-B471-48AC-A751-380B9D8DB935}.Debug|Any CPU.Build.0 = Debug|Any CPU
		{6015B0BF-B471-48AC-A751-380B9D8DB935}.Release|Any CPU.ActiveCfg = Release|Any CPU
		{6015B0BF-B471-48AC-A751-380B9D8DB935}.Release|Any CPU.Build.0 = Release|Any CPU
		{7449BA0F-4C5C-4331-810C-4166E7C1067E}.Debug|Any CPU.ActiveCfg = Debug|Any CPU
		{7449BA0F-4C5C-4331-810C-4166E7C1067E}.Debug|Any CPU.Build.0 = Debug|Any CPU
		{7449BA0F-4C5C-4331-810C-4166E7C1067E}.Release|Any CPU.ActiveCfg = Release|Any CPU
		{7449BA0F-4C5C-4331-810C-4166E7C1067E}.Release|Any CPU.Build.0 = Release|Any CPU
		{B391F9FE-9DEE-409C-983C-AB7A728444C1}.Debug|Any CPU.ActiveCfg = Debug|Any CPU
		{B391F9FE-9DEE-409C-983C-AB7A728444C1}.Debug|Any CPU.Build.0 = Debug|Any CPU
		{B391F9FE-9DEE-409C-983C-AB7A728444C1}.Release|Any CPU.ActiveCfg = Release|Any CPU
		{B391F9FE-9DEE-409C-983C-AB7A728444C1}.Release|Any CPU.Build.0 = Release|Any CPU
	EndGlobalSection
	GlobalSection(SolutionProperties) = preSolution
		HideSolutionNode = FALSE
	EndGlobalSection
EndGlobal
