
Microsoft Visual Studio Solution File, Format Version 12.00
# Visual Studio 14
VisualStudioVersion = 14.0.25420.1
MinimumVisualStudioVersion = 10.0.40219.1
Project("{FAE04EC0-301F-11D3-BF4B-00C04F79EFBC}") = "01.ExcellentResult", "01.ExcellentResult\01.ExcellentResult.csproj", "{21B4022F-16B2-41A5-A456-FAF306D243D4}"
EndProject
Project("{FAE04EC0-301F-11D3-BF4B-00C04F79EFBC}") = "02.ExcellentOrNot", "02.ExcellentOrNot\02.ExcellentOrNot.csproj", "{90EB8C25-55D4-4087-ADAF-9E5641D2C7B3}"
EndProject
Project("{FAE04EC0-301F-11D3-BF4B-00C04F79EFBC}") = "03.EvenOrOdd", "03.EvenOrOdd\03.EvenOrOdd.csproj", "{DD311F10-7DAD-46B8-9333-DF3AD853D955}"
EndProject
Project("{FAE04EC0-301F-11D3-BF4B-00C04F79EFBC}") = "04.GreaterNumber", "04.GreaterNumber\04.GreaterNumber.csproj", "{667DEB95-113F-4F2C-B0C3-CC727682423A}"
EndProject
Project("{FAE04EC0-301F-11D3-BF4B-00C04F79EFBC}") = "05.NumberFromZeroToNineText", "05.NumberFromZeroToNineText\05.NumberFromZeroToNineText.csproj", "{061BFC1D-C343-475C-963F-6C28B8E58946}"
EndProject
Project("{FAE04EC0-301F-11D3-BF4B-00C04F79EFBC}") = "06.BonusScore", "06.BonusScore\06.BonusScore.csproj", "{428749BB-A32D-401E-96BB-C948BE1A9162}"
EndProject
Project("{FAE04EC0-301F-11D3-BF4B-00C04F79EFBC}") = "07.SumSeconds", "07.SumSeconds\07.SumSeconds.csproj", "{DF132A9E-1B61-4D96-A2B5-96BCB87AB57A}"
EndProject
Project("{FAE04EC0-301F-11D3-BF4B-00C04F79EFBC}") = "08.MetricConverter", "08.MetricConverter\08.MetricConverter.csproj", "{30B0A81D-FA37-47D2-BA36-108956F02202}"
EndProject
Project("{FAE04EC0-301F-11D3-BF4B-00C04F79EFBC}") = "09.PasswordGuess", "09.PasswordGuess\09.PasswordGuess.csproj", "{96EA05A1-25EB-4FA8-B010-06E9DDA8784E}"
EndProject
Project("{FAE04EC0-301F-11D3-BF4B-00C04F79EFBC}") = "10.NumberFrom100To200", "10.NumberFrom100To200\10.NumberFrom100To200.csproj", "{430D8A7C-C7EB-4B8D-B5DF-0C00C6E9D70B}"
EndProject
Project("{FAE04EC0-301F-11D3-BF4B-00C04F79EFBC}") = "11.EqualWords", "11.EqualWords\11.EqualWords.csproj", "{DE922B11-8B39-4729-B5FD-AA04C3BB9C33}"
EndProject
Project("{FAE04EC0-301F-11D3-BF4B-00C04F79EFBC}") = "12.SpeedInfo", "12.SpeedInfo\12.SpeedInfo.csproj", "{6A01CF19-3F1A-410D-B8CB-3C6434D2BB0B}"
EndProject
Project("{FAE04EC0-301F-11D3-BF4B-00C04F79EFBC}") = "13.AreaOfFigures", "13.AreaOfFigures\13.AreaOfFigures.csproj", "{66645DF6-B216-4E9A-BF99-8D77C2DCACF5}"
EndProject
Project("{FAE04EC0-301F-11D3-BF4B-00C04F79EFBC}") = "14.TimePlus15Minutes", "14.TimePlus15Minutes\14.TimePlus15Minutes.csproj", "{6AE9B4AC-4424-4B69-9C46-FCB963A21138}"
EndProject
Project("{FAE04EC0-301F-11D3-BF4B-00C04F79EFBC}") = "15.ThreeEqualNumbers", "15.ThreeEqualNumbers\15.ThreeEqualNumbers.csproj", "{B72038EE-E09E-422E-A60E-E32E26644540}"
EndProject
Project("{FAE04EC0-301F-11D3-BF4B-00C04F79EFBC}") = "16.NumbersFrom0To100ToText", "16.NumbersFrom0To100ToText\16.NumbersFrom0To100ToText.csproj", "{1FABC00E-AC1B-4F2D-A97E-D5438047CCFE}"
EndProject
Global
	GlobalSection(SolutionConfigurationPlatforms) = preSolution
		Debug|Any CPU = Debug|Any CPU
		Release|Any CPU = Release|Any CPU
	EndGlobalSection
	GlobalSection(ProjectConfigurationPlatforms) = postSolution
		{21B4022F-16B2-41A5-A456-FAF306D243D4}.Debug|Any CPU.ActiveCfg = Debug|Any CPU
		{21B4022F-16B2-41A5-A456-FAF306D243D4}.Debug|Any CPU.Build.0 = Debug|Any CPU
		{21B4022F-16B2-41A5-A456-FAF306D243D4}.Release|Any CPU.ActiveCfg = Release|Any CPU
		{21B4022F-16B2-41A5-A456-FAF306D243D4}.Release|Any CPU.Build.0 = Release|Any CPU
		{90EB8C25-55D4-4087-ADAF-9E5641D2C7B3}.Debug|Any CPU.ActiveCfg = Debug|Any CPU
		{90EB8C25-55D4-4087-ADAF-9E5641D2C7B3}.Debug|Any CPU.Build.0 = Debug|Any CPU
		{90EB8C25-55D4-4087-ADAF-9E5641D2C7B3}.Release|Any CPU.ActiveCfg = Release|Any CPU
		{90EB8C25-55D4-4087-ADAF-9E5641D2C7B3}.Release|Any CPU.Build.0 = Release|Any CPU
		{DD311F10-7DAD-46B8-9333-DF3AD853D955}.Debug|Any CPU.ActiveCfg = Debug|Any CPU
		{DD311F10-7DAD-46B8-9333-DF3AD853D955}.Debug|Any CPU.Build.0 = Debug|Any CPU
		{DD311F10-7DAD-46B8-9333-DF3AD853D955}.Release|Any CPU.ActiveCfg = Release|Any CPU
		{DD311F10-7DAD-46B8-9333-DF3AD853D955}.Release|Any CPU.Build.0 = Release|Any CPU
		{667DEB95-113F-4F2C-B0C3-CC727682423A}.Debug|Any CPU.ActiveCfg = Debug|Any CPU
		{667DEB95-113F-4F2C-B0C3-CC727682423A}.Debug|Any CPU.Build.0 = Debug|Any CPU
		{667DEB95-113F-4F2C-B0C3-CC727682423A}.Release|Any CPU.ActiveCfg = Release|Any CPU
		{667DEB95-113F-4F2C-B0C3-CC727682423A}.Release|Any CPU.Build.0 = Release|Any CPU
		{061BFC1D-C343-475C-963F-6C28B8E58946}.Debug|Any CPU.ActiveCfg = Debug|Any CPU
		{061BFC1D-C343-475C-963F-6C28B8E58946}.Debug|Any CPU.Build.0 = Debug|Any CPU
		{061BFC1D-C343-475C-963F-6C28B8E58946}.Release|Any CPU.ActiveCfg = Release|Any CPU
		{061BFC1D-C343-475C-963F-6C28B8E58946}.Release|Any CPU.Build.0 = Release|Any CPU
		{428749BB-A32D-401E-96BB-C948BE1A9162}.Debug|Any CPU.ActiveCfg = Debug|Any CPU
		{428749BB-A32D-401E-96BB-C948BE1A9162}.Debug|Any CPU.Build.0 = Debug|Any CPU
		{428749BB-A32D-401E-96BB-C948BE1A9162}.Release|Any CPU.ActiveCfg = Release|Any CPU
		{428749BB-A32D-401E-96BB-C948BE1A9162}.Release|Any CPU.Build.0 = Release|Any CPU
		{DF132A9E-1B61-4D96-A2B5-96BCB87AB57A}.Debug|Any CPU.ActiveCfg = Debug|Any CPU
		{DF132A9E-1B61-4D96-A2B5-96BCB87AB57A}.Debug|Any CPU.Build.0 = Debug|Any CPU
		{DF132A9E-1B61-4D96-A2B5-96BCB87AB57A}.Release|Any CPU.ActiveCfg = Release|Any CPU
		{DF132A9E-1B61-4D96-A2B5-96BCB87AB57A}.Release|Any CPU.Build.0 = Release|Any CPU
		{30B0A81D-FA37-47D2-BA36-108956F02202}.Debug|Any CPU.ActiveCfg = Debug|Any CPU
		{30B0A81D-FA37-47D2-BA36-108956F02202}.Debug|Any CPU.Build.0 = Debug|Any CPU
		{30B0A81D-FA37-47D2-BA36-108956F02202}.Release|Any CPU.ActiveCfg = Release|Any CPU
		{30B0A81D-FA37-47D2-BA36-108956F02202}.Release|Any CPU.Build.0 = Release|Any CPU
		{96EA05A1-25EB-4FA8-B010-06E9DDA8784E}.Debug|Any CPU.ActiveCfg = Debug|Any CPU
		{96EA05A1-25EB-4FA8-B010-06E9DDA8784E}.Debug|Any CPU.Build.0 = Debug|Any CPU
		{96EA05A1-25EB-4FA8-B010-06E9DDA8784E}.Release|Any CPU.ActiveCfg = Release|Any CPU
		{96EA05A1-25EB-4FA8-B010-06E9DDA8784E}.Release|Any CPU.Build.0 = Release|Any CPU
		{430D8A7C-C7EB-4B8D-B5DF-0C00C6E9D70B}.Debug|Any CPU.ActiveCfg = Debug|Any CPU
		{430D8A7C-C7EB-4B8D-B5DF-0C00C6E9D70B}.Debug|Any CPU.Build.0 = Debug|Any CPU
		{430D8A7C-C7EB-4B8D-B5DF-0C00C6E9D70B}.Release|Any CPU.ActiveCfg = Release|Any CPU
		{430D8A7C-C7EB-4B8D-B5DF-0C00C6E9D70B}.Release|Any CPU.Build.0 = Release|Any CPU
		{DE922B11-8B39-4729-B5FD-AA04C3BB9C33}.Debug|Any CPU.ActiveCfg = Debug|Any CPU
		{DE922B11-8B39-4729-B5FD-AA04C3BB9C33}.Debug|Any CPU.Build.0 = Debug|Any CPU
		{DE922B11-8B39-4729-B5FD-AA04C3BB9C33}.Release|Any CPU.ActiveCfg = Release|Any CPU
		{DE922B11-8B39-4729-B5FD-AA04C3BB9C33}.Release|Any CPU.Build.0 = Release|Any CPU
		{6A01CF19-3F1A-410D-B8CB-3C6434D2BB0B}.Debug|Any CPU.ActiveCfg = Debug|Any CPU
		{6A01CF19-3F1A-410D-B8CB-3C6434D2BB0B}.Debug|Any CPU.Build.0 = Debug|Any CPU
		{6A01CF19-3F1A-410D-B8CB-3C6434D2BB0B}.Release|Any CPU.ActiveCfg = Release|Any CPU
		{6A01CF19-3F1A-410D-B8CB-3C6434D2BB0B}.Release|Any CPU.Build.0 = Release|Any CPU
		{66645DF6-B216-4E9A-BF99-8D77C2DCACF5}.Debug|Any CPU.ActiveCfg = Debug|Any CPU
		{66645DF6-B216-4E9A-BF99-8D77C2DCACF5}.Debug|Any CPU.Build.0 = Debug|Any CPU
		{66645DF6-B216-4E9A-BF99-8D77C2DCACF5}.Release|Any CPU.ActiveCfg = Release|Any CPU
		{66645DF6-B216-4E9A-BF99-8D77C2DCACF5}.Release|Any CPU.Build.0 = Release|Any CPU
		{6AE9B4AC-4424-4B69-9C46-FCB963A21138}.Debug|Any CPU.ActiveCfg = Debug|Any CPU
		{6AE9B4AC-4424-4B69-9C46-FCB963A21138}.Debug|Any CPU.Build.0 = Debug|Any CPU
		{6AE9B4AC-4424-4B69-9C46-FCB963A21138}.Release|Any CPU.ActiveCfg = Release|Any CPU
		{6AE9B4AC-4424-4B69-9C46-FCB963A21138}.Release|Any CPU.Build.0 = Release|Any CPU
		{B72038EE-E09E-422E-A60E-E32E26644540}.Debug|Any CPU.ActiveCfg = Debug|Any CPU
		{B72038EE-E09E-422E-A60E-E32E26644540}.Debug|Any CPU.Build.0 = Debug|Any CPU
		{B72038EE-E09E-422E-A60E-E32E26644540}.Release|Any CPU.ActiveCfg = Release|Any CPU
		{B72038EE-E09E-422E-A60E-E32E26644540}.Release|Any CPU.Build.0 = Release|Any CPU
		{1FABC00E-AC1B-4F2D-A97E-D5438047CCFE}.Debug|Any CPU.ActiveCfg = Debug|Any CPU
		{1FABC00E-AC1B-4F2D-A97E-D5438047CCFE}.Debug|Any CPU.Build.0 = Debug|Any CPU
		{1FABC00E-AC1B-4F2D-A97E-D5438047CCFE}.Release|Any CPU.ActiveCfg = Release|Any CPU
		{1FABC00E-AC1B-4F2D-A97E-D5438047CCFE}.Release|Any CPU.Build.0 = Release|Any CPU
	EndGlobalSection
	GlobalSection(SolutionProperties) = preSolution
		HideSolutionNode = FALSE
	EndGlobalSection
EndGlobal
