
Microsoft Visual Studio Solution File, Format Version 12.00
# Visual Studio 14
VisualStudioVersion = 14.0.25420.1
MinimumVisualStudioVersion = 10.0.40219.1
Project("{FAE04EC0-301F-11D3-BF4B-00C04F79EFBC}") = "01.RemoveElementsAtOddPositions", "01.RemoveElementsAtOddPositions\01.RemoveElementsAtOddPositions.csproj", "{550B2072-A540-4023-BB9D-67A3ADF8B50F}"
EndProject
Project("{FAE04EC0-301F-11D3-BF4B-00C04F79EFBC}") = "02.TrackDownloader", "02.TrackDownloader\02.TrackDownloader.csproj", "{BBAEB086-E1FD-4748-9221-36F3549380EA}"
EndProject
Project("{FAE04EC0-301F-11D3-BF4B-00C04F79EFBC}") = "03.EqualSumAfterExtraction", "03.EqualSumAfterExtraction\03.EqualSumAfterExtraction.csproj", "{D9379A83-F91D-4CF5-B3AE-E94CD2E426BA}"
EndProject
Project("{FAE04EC0-301F-11D3-BF4B-00C04F79EFBC}") = "04.FlipListSides", "04.FlipListSides\04.FlipListSides.csproj", "{2F911E2E-9568-442B-B2B0-234835F49420}"
EndProject
Project("{FAE04EC0-301F-11D3-BF4B-00C04F79EFBC}") = "05.TearListInHalf", "05.TearListInHalf\05.TearListInHalf.csproj", "{B4DC1BD7-0DDE-4B66-9A63-9A717EED7F5F}"
EndProject
Project("{FAE04EC0-301F-11D3-BF4B-00C04F79EFBC}") = "06.StuckZipper", "06.StuckZipper\06.StuckZipper.csproj", "{D11E238C-398E-4E05-AA0E-D1D0F6C9E1D6}"
EndProject
Global
	GlobalSection(SolutionConfigurationPlatforms) = preSolution
		Debug|Any CPU = Debug|Any CPU
		Release|Any CPU = Release|Any CPU
	EndGlobalSection
	GlobalSection(ProjectConfigurationPlatforms) = postSolution
		{550B2072-A540-4023-BB9D-67A3ADF8B50F}.Debug|Any CPU.ActiveCfg = Debug|Any CPU
		{550B2072-A540-4023-BB9D-67A3ADF8B50F}.Debug|Any CPU.Build.0 = Debug|Any CPU
		{550B2072-A540-4023-BB9D-67A3ADF8B50F}.Release|Any CPU.ActiveCfg = Release|Any CPU
		{550B2072-A540-4023-BB9D-67A3ADF8B50F}.Release|Any CPU.Build.0 = Release|Any CPU
		{BBAEB086-E1FD-4748-9221-36F3549380EA}.Debug|Any CPU.ActiveCfg = Debug|Any CPU
		{BBAEB086-E1FD-4748-9221-36F3549380EA}.Debug|Any CPU.Build.0 = Debug|Any CPU
		{BBAEB086-E1FD-4748-9221-36F3549380EA}.Release|Any CPU.ActiveCfg = Release|Any CPU
		{BBAEB086-E1FD-4748-9221-36F3549380EA}.Release|Any CPU.Build.0 = Release|Any CPU
		{D9379A83-F91D-4CF5-B3AE-E94CD2E426BA}.Debug|Any CPU.ActiveCfg = Debug|Any CPU
		{D9379A83-F91D-4CF5-B3AE-E94CD2E426BA}.Debug|Any CPU.Build.0 = Debug|Any CPU
		{D9379A83-F91D-4CF5-B3AE-E94CD2E426BA}.Release|Any CPU.ActiveCfg = Release|Any CPU
		{D9379A83-F91D-4CF5-B3AE-E94CD2E426BA}.Release|Any CPU.Build.0 = Release|Any CPU
		{2F911E2E-9568-442B-B2B0-234835F49420}.Debug|Any CPU.ActiveCfg = Debug|Any CPU
		{2F911E2E-9568-442B-B2B0-234835F49420}.Debug|Any CPU.Build.0 = Debug|Any CPU
		{2F911E2E-9568-442B-B2B0-234835F49420}.Release|Any CPU.ActiveCfg = Release|Any CPU
		{2F911E2E-9568-442B-B2B0-234835F49420}.Release|Any CPU.Build.0 = Release|Any CPU
		{B4DC1BD7-0DDE-4B66-9A63-9A717EED7F5F}.Debug|Any CPU.ActiveCfg = Debug|Any CPU
		{B4DC1BD7-0DDE-4B66-9A63-9A717EED7F5F}.Debug|Any CPU.Build.0 = Debug|Any CPU
		{B4DC1BD7-0DDE-4B66-9A63-9A717EED7F5F}.Release|Any CPU.ActiveCfg = Release|Any CPU
		{B4DC1BD7-0DDE-4B66-9A63-9A717EED7F5F}.Release|Any CPU.Build.0 = Release|Any CPU
		{D11E238C-398E-4E05-AA0E-D1D0F6C9E1D6}.Debug|Any CPU.ActiveCfg = Debug|Any CPU
		{D11E238C-398E-4E05-AA0E-D1D0F6C9E1D6}.Debug|Any CPU.Build.0 = Debug|Any CPU
		{D11E238C-398E-4E05-AA0E-D1D0F6C9E1D6}.Release|Any CPU.ActiveCfg = Release|Any CPU
		{D11E238C-398E-4E05-AA0E-D1D0F6C9E1D6}.Release|Any CPU.Build.0 = Release|Any CPU
	EndGlobalSection
	GlobalSection(SolutionProperties) = preSolution
		HideSolutionNode = FALSE
	EndGlobalSection
EndGlobal
