
Microsoft Visual Studio Solution File, Format Version 12.00
# Visual Studio 15
VisualStudioVersion = 15.0.27004.2005
MinimumVisualStudioVersion = 10.0.40219.1
Project("{FAE04EC0-301F-11D3-BF4B-00C04F79EFBC}") = "Employees.App", "Employees.App\Employees.App.csproj", "{FAB0FB80-74E3-4830-8A4B-47282857E9CE}"
EndProject
Project("{FAE04EC0-301F-11D3-BF4B-00C04F79EFBC}") = "Employees.Data", "Employees.Data\Employees.Data.csproj", "{FA470465-4D98-4264-8DE2-E7F32CD7D6F4}"
EndProject
Project("{FAE04EC0-301F-11D3-BF4B-00C04F79EFBC}") = "Employees.Models", "Employees.Models\Employees.Models.csproj", "{A9FA8C25-FC04-4353-ADE6-39662EBE32F0}"
EndProject
Project("{FAE04EC0-301F-11D3-BF4B-00C04F79EFBC}") = "Employees.Services", "Employees.Services\Employees.Services.csproj", "{FD3634DD-A9B4-4416-A352-9E910F39788A}"
EndProject
Project("{FAE04EC0-301F-11D3-BF4B-00C04F79EFBC}") = "Employees.DtoModels", "Employees.DtoModels\Employees.DtoModels.csproj", "{BA9595FF-1BCA-4427-A000-EB0502663681}"
EndProject
Global
	GlobalSection(SolutionConfigurationPlatforms) = preSolution
		Debug|Any CPU = Debug|Any CPU
		Release|Any CPU = Release|Any CPU
	EndGlobalSection
	GlobalSection(ProjectConfigurationPlatforms) = postSolution
		{FAB0FB80-74E3-4830-8A4B-47282857E9CE}.Debug|Any CPU.ActiveCfg = Debug|Any CPU
		{FAB0FB80-74E3-4830-8A4B-47282857E9CE}.Debug|Any CPU.Build.0 = Debug|Any CPU
		{FAB0FB80-74E3-4830-8A4B-47282857E9CE}.Release|Any CPU.ActiveCfg = Release|Any CPU
		{FAB0FB80-74E3-4830-8A4B-47282857E9CE}.Release|Any CPU.Build.0 = Release|Any CPU
		{FA470465-4D98-4264-8DE2-E7F32CD7D6F4}.Debug|Any CPU.ActiveCfg = Debug|Any CPU
		{FA470465-4D98-4264-8DE2-E7F32CD7D6F4}.Debug|Any CPU.Build.0 = Debug|Any CPU
		{FA470465-4D98-4264-8DE2-E7F32CD7D6F4}.Release|Any CPU.ActiveCfg = Release|Any CPU
		{FA470465-4D98-4264-8DE2-E7F32CD7D6F4}.Release|Any CPU.Build.0 = Release|Any CPU
		{A9FA8C25-FC04-4353-ADE6-39662EBE32F0}.Debug|Any CPU.ActiveCfg = Debug|Any CPU
		{A9FA8C25-FC04-4353-ADE6-39662EBE32F0}.Debug|Any CPU.Build.0 = Debug|Any CPU
		{A9FA8C25-FC04-4353-ADE6-39662EBE32F0}.Release|Any CPU.ActiveCfg = Release|Any CPU
		{A9FA8C25-FC04-4353-ADE6-39662EBE32F0}.Release|Any CPU.Build.0 = Release|Any CPU
		{FD3634DD-A9B4-4416-A352-9E910F39788A}.Debug|Any CPU.ActiveCfg = Debug|Any CPU
		{FD3634DD-A9B4-4416-A352-9E910F39788A}.Debug|Any CPU.Build.0 = Debug|Any CPU
		{FD3634DD-A9B4-4416-A352-9E910F39788A}.Release|Any CPU.ActiveCfg = Release|Any CPU
		{FD3634DD-A9B4-4416-A352-9E910F39788A}.Release|Any CPU.Build.0 = Release|Any CPU
		{BA9595FF-1BCA-4427-A000-EB0502663681}.Debug|Any CPU.ActiveCfg = Debug|Any CPU
		{BA9595FF-1BCA-4427-A000-EB0502663681}.Debug|Any CPU.Build.0 = Debug|Any CPU
		{BA9595FF-1BCA-4427-A000-EB0502663681}.Release|Any CPU.ActiveCfg = Release|Any CPU
		{BA9595FF-1BCA-4427-A000-EB0502663681}.Release|Any CPU.Build.0 = Release|Any CPU
	EndGlobalSection
	GlobalSection(SolutionProperties) = preSolution
		HideSolutionNode = FALSE
	EndGlobalSection
	GlobalSection(ExtensibilityGlobals) = postSolution
		SolutionGuid = {A6BB7912-BE65-4F21-82CB-DBFF0DA6EC89}
	EndGlobalSection
EndGlobal
