
Microsoft Visual Studio Solution File, Format Version 12.00
# Visual Studio 14
VisualStudioVersion = 14.0.25420.1
MinimumVisualStudioVersion = 10.0.40219.1
Project("{FAE04EC0-301F-11D3-BF4B-00C04F79EFBC}") = "01.BabaTincheAirlines", "01.BabaTincheAirlines\01.BabaTincheAirlines.csproj", "{B7FD728C-99E8-47AA-9DE2-55A51F7C199E}"
EndProject
Project("{FAE04EC0-301F-11D3-BF4B-00C04F79EFBC}") = "02.Numerology", "02.Numerology\02.Numerology.csproj", "{D39BFAAC-5887-4F15-9DB3-744DB6C1BE46}"
EndProject
Project("{FAE04EC0-301F-11D3-BF4B-00C04F79EFBC}") = "03.RockLq", "03.RockLq\03.RockLq.csproj", "{610CF234-478B-4A36-B2F5-6534A4EDEA62}"
EndProject
Project("{FAE04EC0-301F-11D3-BF4B-00C04F79EFBC}") = "04.Gambling", "04.Gambling\04.Gambling.csproj", "{1BB6EEC3-38A9-4657-B0AD-3BD41B24FBBB}"
EndProject
Global
	GlobalSection(SolutionConfigurationPlatforms) = preSolution
		Debug|Any CPU = Debug|Any CPU
		Release|Any CPU = Release|Any CPU
	EndGlobalSection
	GlobalSection(ProjectConfigurationPlatforms) = postSolution
		{B7FD728C-99E8-47AA-9DE2-55A51F7C199E}.Debug|Any CPU.ActiveCfg = Debug|Any CPU
		{B7FD728C-99E8-47AA-9DE2-55A51F7C199E}.Debug|Any CPU.Build.0 = Debug|Any CPU
		{B7FD728C-99E8-47AA-9DE2-55A51F7C199E}.Release|Any CPU.ActiveCfg = Release|Any CPU
		{B7FD728C-99E8-47AA-9DE2-55A51F7C199E}.Release|Any CPU.Build.0 = Release|Any CPU
		{D39BFAAC-5887-4F15-9DB3-744DB6C1BE46}.Debug|Any CPU.ActiveCfg = Debug|Any CPU
		{D39BFAAC-5887-4F15-9DB3-744DB6C1BE46}.Debug|Any CPU.Build.0 = Debug|Any CPU
		{D39BFAAC-5887-4F15-9DB3-744DB6C1BE46}.Release|Any CPU.ActiveCfg = Release|Any CPU
		{D39BFAAC-5887-4F15-9DB3-744DB6C1BE46}.Release|Any CPU.Build.0 = Release|Any CPU
		{610CF234-478B-4A36-B2F5-6534A4EDEA62}.Debug|Any CPU.ActiveCfg = Debug|Any CPU
		{610CF234-478B-4A36-B2F5-6534A4EDEA62}.Debug|Any CPU.Build.0 = Debug|Any CPU
		{610CF234-478B-4A36-B2F5-6534A4EDEA62}.Release|Any CPU.ActiveCfg = Release|Any CPU
		{610CF234-478B-4A36-B2F5-6534A4EDEA62}.Release|Any CPU.Build.0 = Release|Any CPU
		{1BB6EEC3-38A9-4657-B0AD-3BD41B24FBBB}.Debug|Any CPU.ActiveCfg = Debug|Any CPU
		{1BB6EEC3-38A9-4657-B0AD-3BD41B24FBBB}.Debug|Any CPU.Build.0 = Debug|Any CPU
		{1BB6EEC3-38A9-4657-B0AD-3BD41B24FBBB}.Release|Any CPU.ActiveCfg = Release|Any CPU
		{1BB6EEC3-38A9-4657-B0AD-3BD41B24FBBB}.Release|Any CPU.Build.0 = Release|Any CPU
	EndGlobalSection
	GlobalSection(SolutionProperties) = preSolution
		HideSolutionNode = FALSE
	EndGlobalSection
EndGlobal
