
Microsoft Visual Studio Solution File, Format Version 12.00
# Visual Studio 14
VisualStudioVersion = 14.0.25420.1
MinimumVisualStudioVersion = 10.0.40219.1
Project("{FAE04EC0-301F-11D3-BF4B-00C04F79EFBC}") = "01.WorkHours", "01.WorkHours\01.WorkHours.csproj", "{88B9CEE5-DD24-4D9F-83A5-5C980DC5FA86}"
EndProject
Project("{FAE04EC0-301F-11D3-BF4B-00C04F79EFBC}") = "02.SumOfElements", "02.SumOfElements\02.SumOfElements.csproj", "{9EF99D29-0845-4F76-85E2-A1FDD70EEAA6}"
EndProject
Project("{FAE04EC0-301F-11D3-BF4B-00C04F79EFBC}") = "03.TheExplorer", "03.TheExplorer\03.TheExplorer.csproj", "{13867622-0F0F-49D3-9587-8264C5CCED1C}"
EndProject
Project("{FAE04EC0-301F-11D3-BF4B-00C04F79EFBC}") = "04.MagicStrings", "04.MagicStrings\04.MagicStrings.csproj", "{7FB62963-56FA-4B36-94B7-1E5A66B8E779}"
EndProject
Global
	GlobalSection(SolutionConfigurationPlatforms) = preSolution
		Debug|Any CPU = Debug|Any CPU
		Release|Any CPU = Release|Any CPU
	EndGlobalSection
	GlobalSection(ProjectConfigurationPlatforms) = postSolution
		{88B9CEE5-DD24-4D9F-83A5-5C980DC5FA86}.Debug|Any CPU.ActiveCfg = Debug|Any CPU
		{88B9CEE5-DD24-4D9F-83A5-5C980DC5FA86}.Debug|Any CPU.Build.0 = Debug|Any CPU
		{88B9CEE5-DD24-4D9F-83A5-5C980DC5FA86}.Release|Any CPU.ActiveCfg = Release|Any CPU
		{88B9CEE5-DD24-4D9F-83A5-5C980DC5FA86}.Release|Any CPU.Build.0 = Release|Any CPU
		{9EF99D29-0845-4F76-85E2-A1FDD70EEAA6}.Debug|Any CPU.ActiveCfg = Debug|Any CPU
		{9EF99D29-0845-4F76-85E2-A1FDD70EEAA6}.Debug|Any CPU.Build.0 = Debug|Any CPU
		{9EF99D29-0845-4F76-85E2-A1FDD70EEAA6}.Release|Any CPU.ActiveCfg = Release|Any CPU
		{9EF99D29-0845-4F76-85E2-A1FDD70EEAA6}.Release|Any CPU.Build.0 = Release|Any CPU
		{13867622-0F0F-49D3-9587-8264C5CCED1C}.Debug|Any CPU.ActiveCfg = Debug|Any CPU
		{13867622-0F0F-49D3-9587-8264C5CCED1C}.Debug|Any CPU.Build.0 = Debug|Any CPU
		{13867622-0F0F-49D3-9587-8264C5CCED1C}.Release|Any CPU.ActiveCfg = Release|Any CPU
		{13867622-0F0F-49D3-9587-8264C5CCED1C}.Release|Any CPU.Build.0 = Release|Any CPU
		{7FB62963-56FA-4B36-94B7-1E5A66B8E779}.Debug|Any CPU.ActiveCfg = Debug|Any CPU
		{7FB62963-56FA-4B36-94B7-1E5A66B8E779}.Debug|Any CPU.Build.0 = Debug|Any CPU
		{7FB62963-56FA-4B36-94B7-1E5A66B8E779}.Release|Any CPU.ActiveCfg = Release|Any CPU
		{7FB62963-56FA-4B36-94B7-1E5A66B8E779}.Release|Any CPU.Build.0 = Release|Any CPU
	EndGlobalSection
	GlobalSection(SolutionProperties) = preSolution
		HideSolutionNode = FALSE
	EndGlobalSection
EndGlobal
