
Microsoft Visual Studio Solution File, Format Version 12.00
# Visual Studio 14
VisualStudioVersion = 14.0.25420.1
MinimumVisualStudioVersion = 10.0.40219.1
Project("{FAE04EC0-301F-11D3-BF4B-00C04F79EFBC}") = "01.HolidaysBetweenTwoDates", "01.HolidaysBetweenTwoDates\01.HolidaysBetweenTwoDates.csproj", "{746CD6F6-3204-4EDA-9C58-FF40A595883D}"
EndProject
Project("{FAE04EC0-301F-11D3-BF4B-00C04F79EFBC}") = "02.DoublePalindromes", "02.DoublePalindromes\02.DoublePalindromes.csproj", "{0F301866-161B-4B57-9B83-D1623DD6BE44}"
EndProject
Global
	GlobalSection(SolutionConfigurationPlatforms) = preSolution
		Debug|Any CPU = Debug|Any CPU
		Release|Any CPU = Release|Any CPU
	EndGlobalSection
	GlobalSection(ProjectConfigurationPlatforms) = postSolution
		{746CD6F6-3204-4EDA-9C58-FF40A595883D}.Debug|Any CPU.ActiveCfg = Debug|Any CPU
		{746CD6F6-3204-4EDA-9C58-FF40A595883D}.Debug|Any CPU.Build.0 = Debug|Any CPU
		{746CD6F6-3204-4EDA-9C58-FF40A595883D}.Release|Any CPU.ActiveCfg = Release|Any CPU
		{746CD6F6-3204-4EDA-9C58-FF40A595883D}.Release|Any CPU.Build.0 = Release|Any CPU
		{0F301866-161B-4B57-9B83-D1623DD6BE44}.Debug|Any CPU.ActiveCfg = Debug|Any CPU
		{0F301866-161B-4B57-9B83-D1623DD6BE44}.Debug|Any CPU.Build.0 = Debug|Any CPU
		{0F301866-161B-4B57-9B83-D1623DD6BE44}.Release|Any CPU.ActiveCfg = Release|Any CPU
		{0F301866-161B-4B57-9B83-D1623DD6BE44}.Release|Any CPU.Build.0 = Release|Any CPU
	EndGlobalSection
	GlobalSection(SolutionProperties) = preSolution
		HideSolutionNode = FALSE
	EndGlobalSection
EndGlobal
