
Microsoft Visual Studio Solution File, Format Version 12.00
# Visual Studio 15
VisualStudioVersion = 15.0.26430.14
MinimumVisualStudioVersion = 10.0.40219.1
Project("{FAE04EC0-301F-11D3-BF4B-00C04F79EFBC}") = "01.HarvestingFields", "01.HarvestingFields\01.HarvestingFields.csproj", "{66BF7849-20B4-4F25-8662-03A7F5175A20}"
EndProject
Project("{FAE04EC0-301F-11D3-BF4B-00C04F79EFBC}") = "02.BlackBoxInteger", "02.BlackBoxInteger\02.BlackBoxInteger.csproj", "{BE64761E-1A71-40F2-BA38-85349823C63D}"
EndProject
Project("{FAE04EC0-301F-11D3-BF4B-00C04F79EFBC}") = "03.BarrackWars", "03.BarrackWars-ANewFactory\03.BarrackWars.csproj", "{A508D919-7FEA-46B6-B822-8D65942168CD}"
EndProject
Global
	GlobalSection(SolutionConfigurationPlatforms) = preSolution
		Debug|Any CPU = Debug|Any CPU
		Release|Any CPU = Release|Any CPU
	EndGlobalSection
	GlobalSection(ProjectConfigurationPlatforms) = postSolution
		{66BF7849-20B4-4F25-8662-03A7F5175A20}.Debug|Any CPU.ActiveCfg = Debug|Any CPU
		{66BF7849-20B4-4F25-8662-03A7F5175A20}.Debug|Any CPU.Build.0 = Debug|Any CPU
		{66BF7849-20B4-4F25-8662-03A7F5175A20}.Release|Any CPU.ActiveCfg = Release|Any CPU
		{66BF7849-20B4-4F25-8662-03A7F5175A20}.Release|Any CPU.Build.0 = Release|Any CPU
		{BE64761E-1A71-40F2-BA38-85349823C63D}.Debug|Any CPU.ActiveCfg = Debug|Any CPU
		{BE64761E-1A71-40F2-BA38-85349823C63D}.Debug|Any CPU.Build.0 = Debug|Any CPU
		{BE64761E-1A71-40F2-BA38-85349823C63D}.Release|Any CPU.ActiveCfg = Release|Any CPU
		{BE64761E-1A71-40F2-BA38-85349823C63D}.Release|Any CPU.Build.0 = Release|Any CPU
		{A508D919-7FEA-46B6-B822-8D65942168CD}.Debug|Any CPU.ActiveCfg = Debug|Any CPU
		{A508D919-7FEA-46B6-B822-8D65942168CD}.Debug|Any CPU.Build.0 = Debug|Any CPU
		{A508D919-7FEA-46B6-B822-8D65942168CD}.Release|Any CPU.ActiveCfg = Release|Any CPU
		{A508D919-7FEA-46B6-B822-8D65942168CD}.Release|Any CPU.Build.0 = Release|Any CPU
	EndGlobalSection
	GlobalSection(SolutionProperties) = preSolution
		HideSolutionNode = FALSE
	EndGlobalSection
EndGlobal
