
Microsoft Visual Studio Solution File, Format Version 12.00
# Visual Studio 15
VisualStudioVersion = 15.0.26430.14
MinimumVisualStudioVersion = 10.0.40219.1
Project("{FAE04EC0-301F-11D3-BF4B-00C04F79EFBC}") = "01.Vehicles", "01.Vehicles\01.Vehicles.csproj", "{B6381F71-DACA-4850-82DC-BCC3A7A5DEAF}"
EndProject
Project("{FAE04EC0-301F-11D3-BF4B-00C04F79EFBC}") = "03.WildFarm", "03.WildFarm\03.WildFarm.csproj", "{0FD0CDB5-C5B6-42B9-9338-801D91B501FA}"
EndProject
Global
	GlobalSection(SolutionConfigurationPlatforms) = preSolution
		Debug|Any CPU = Debug|Any CPU
		Release|Any CPU = Release|Any CPU
	EndGlobalSection
	GlobalSection(ProjectConfigurationPlatforms) = postSolution
		{B6381F71-DACA-4850-82DC-BCC3A7A5DEAF}.Debug|Any CPU.ActiveCfg = Debug|Any CPU
		{B6381F71-DACA-4850-82DC-BCC3A7A5DEAF}.Debug|Any CPU.Build.0 = Debug|Any CPU
		{B6381F71-DACA-4850-82DC-BCC3A7A5DEAF}.Release|Any CPU.ActiveCfg = Release|Any CPU
		{B6381F71-DACA-4850-82DC-BCC3A7A5DEAF}.Release|Any CPU.Build.0 = Release|Any CPU
		{0FD0CDB5-C5B6-42B9-9338-801D91B501FA}.Debug|Any CPU.ActiveCfg = Debug|Any CPU
		{0FD0CDB5-C5B6-42B9-9338-801D91B501FA}.Debug|Any CPU.Build.0 = Debug|Any CPU
		{0FD0CDB5-C5B6-42B9-9338-801D91B501FA}.Release|Any CPU.ActiveCfg = Release|Any CPU
		{0FD0CDB5-C5B6-42B9-9338-801D91B501FA}.Release|Any CPU.Build.0 = Release|Any CPU
	EndGlobalSection
	GlobalSection(SolutionProperties) = preSolution
		HideSolutionNode = FALSE
	EndGlobalSection
EndGlobal
