
Microsoft Visual Studio Solution File, Format Version 12.00
# Visual Studio 14
VisualStudioVersion = 14.0.25420.1
MinimumVisualStudioVersion = 10.0.40219.1
Project("{FAE04EC0-301F-11D3-BF4B-00C04F79EFBC}") = "01.RepairingTheTiles", "01.RepairingTheTiles\01.RepairingTheTiles.csproj", "{048587FA-4BDC-4E1A-8813-D49156A11D77}"
EndProject
Project("{FAE04EC0-301F-11D3-BF4B-00C04F79EFBC}") = "02.SleepyTomCat", "02.SleepyTomCat\02.SleepyTomCat.csproj", "{4F43F4EB-F758-4718-BB23-CC94C651F750}"
EndProject
Project("{FAE04EC0-301F-11D3-BF4B-00C04F79EFBC}") = "03.Operations", "03.Operations.\03.Operations.csproj", "{4FBC7B9F-6FA3-450A-9732-0EA0920AAE4A}"
EndProject
Project("{FAE04EC0-301F-11D3-BF4B-00C04F79EFBC}") = "04.SmartLilly", "04.SmartLilly\04.SmartLilly.csproj", "{C95E48FF-AB55-465B-92A6-23965C453DB6}"
EndProject
Project("{FAE04EC0-301F-11D3-BF4B-00C04F79EFBC}") = "05.Stop", "05.Stop\05.Stop.csproj", "{13459C74-4214-475C-81DD-E977D8ED1627}"
EndProject
Project("{FAE04EC0-301F-11D3-BF4B-00C04F79EFBC}") = "06SpecialNumbers", "06SpecialNumbers\06SpecialNumbers.csproj", "{DB104C46-365D-48E3-A275-C04E2FD233A0}"
EndProject
Global
	GlobalSection(SolutionConfigurationPlatforms) = preSolution
		Debug|Any CPU = Debug|Any CPU
		Release|Any CPU = Release|Any CPU
	EndGlobalSection
	GlobalSection(ProjectConfigurationPlatforms) = postSolution
		{048587FA-4BDC-4E1A-8813-D49156A11D77}.Debug|Any CPU.ActiveCfg = Debug|Any CPU
		{048587FA-4BDC-4E1A-8813-D49156A11D77}.Debug|Any CPU.Build.0 = Debug|Any CPU
		{048587FA-4BDC-4E1A-8813-D49156A11D77}.Release|Any CPU.ActiveCfg = Release|Any CPU
		{048587FA-4BDC-4E1A-8813-D49156A11D77}.Release|Any CPU.Build.0 = Release|Any CPU
		{4F43F4EB-F758-4718-BB23-CC94C651F750}.Debug|Any CPU.ActiveCfg = Debug|Any CPU
		{4F43F4EB-F758-4718-BB23-CC94C651F750}.Debug|Any CPU.Build.0 = Debug|Any CPU
		{4F43F4EB-F758-4718-BB23-CC94C651F750}.Release|Any CPU.ActiveCfg = Release|Any CPU
		{4F43F4EB-F758-4718-BB23-CC94C651F750}.Release|Any CPU.Build.0 = Release|Any CPU
		{4FBC7B9F-6FA3-450A-9732-0EA0920AAE4A}.Debug|Any CPU.ActiveCfg = Debug|Any CPU
		{4FBC7B9F-6FA3-450A-9732-0EA0920AAE4A}.Debug|Any CPU.Build.0 = Debug|Any CPU
		{4FBC7B9F-6FA3-450A-9732-0EA0920AAE4A}.Release|Any CPU.ActiveCfg = Release|Any CPU
		{4FBC7B9F-6FA3-450A-9732-0EA0920AAE4A}.Release|Any CPU.Build.0 = Release|Any CPU
		{C95E48FF-AB55-465B-92A6-23965C453DB6}.Debug|Any CPU.ActiveCfg = Debug|Any CPU
		{C95E48FF-AB55-465B-92A6-23965C453DB6}.Debug|Any CPU.Build.0 = Debug|Any CPU
		{C95E48FF-AB55-465B-92A6-23965C453DB6}.Release|Any CPU.ActiveCfg = Release|Any CPU
		{C95E48FF-AB55-465B-92A6-23965C453DB6}.Release|Any CPU.Build.0 = Release|Any CPU
		{13459C74-4214-475C-81DD-E977D8ED1627}.Debug|Any CPU.ActiveCfg = Debug|Any CPU
		{13459C74-4214-475C-81DD-E977D8ED1627}.Debug|Any CPU.Build.0 = Debug|Any CPU
		{13459C74-4214-475C-81DD-E977D8ED1627}.Release|Any CPU.ActiveCfg = Release|Any CPU
		{13459C74-4214-475C-81DD-E977D8ED1627}.Release|Any CPU.Build.0 = Release|Any CPU
		{DB104C46-365D-48E3-A275-C04E2FD233A0}.Debug|Any CPU.ActiveCfg = Debug|Any CPU
		{DB104C46-365D-48E3-A275-C04E2FD233A0}.Debug|Any CPU.Build.0 = Debug|Any CPU
		{DB104C46-365D-48E3-A275-C04E2FD233A0}.Release|Any CPU.ActiveCfg = Release|Any CPU
		{DB104C46-365D-48E3-A275-C04E2FD233A0}.Release|Any CPU.Build.0 = Release|Any CPU
	EndGlobalSection
	GlobalSection(SolutionProperties) = preSolution
		HideSolutionNode = FALSE
	EndGlobalSection
EndGlobal
