
Microsoft Visual Studio Solution File, Format Version 12.00
# Visual Studio 14
VisualStudioVersion = 14.0.25420.1
MinimumVisualStudioVersion = 10.0.40219.1
Project("{FAE04EC0-301F-11D3-BF4B-00C04F79EFBC}") = "01.ReverseString", "01.ReverseString\01.ReverseString.csproj", "{98D05ECC-DA0A-4951-A216-E09D585BF63B}"
EndProject
Project("{FAE04EC0-301F-11D3-BF4B-00C04F79EFBC}") = "02.StringLength", "02.StringLength\02.StringLength.csproj", "{3A9864AC-F0D8-4AE9-99B1-F6E92D1D6060}"
EndProject
Project("{FAE04EC0-301F-11D3-BF4B-00C04F79EFBC}") = "04.ConvertFromBase-10ToBase-N", "04.ConvertFromBase-10ToBase-N\04.ConvertFromBase-10ToBase-N.csproj", "{8EBE1D34-AC16-4246-99EE-C811F1C77571}"
EndProject
Project("{FAE04EC0-301F-11D3-BF4B-00C04F79EFBC}") = "05.ConvertFromBase-NToBase-10", "05.ConvertFromBase-NToBase-10\05.ConvertFromBase-NToBase-10.csproj", "{58C1AF8A-DFF9-42D6-B7FB-F561E069D010}"
EndProject
Project("{FAE04EC0-301F-11D3-BF4B-00C04F79EFBC}") = "06.CountSubstringOccurrences", "06.CountSubstringOccurrences\06.CountSubstringOccurrences.csproj", "{ADC5933E-91A7-405D-BD19-8321E1112C88}"
EndProject
Project("{FAE04EC0-301F-11D3-BF4B-00C04F79EFBC}") = "07.SumBigNumbers", "07.SumBigNumbers\07.SumBigNumbers.csproj", "{393B1C81-4B3E-4C90-BF1B-4ECEFE508287}"
EndProject
Project("{FAE04EC0-301F-11D3-BF4B-00C04F79EFBC}") = "08.MultiplyBigNumber", "08.MultiplyBigNumber\08.MultiplyBigNumber.csproj", "{B6CE4E1C-96AE-4EA2-B1D2-AD610A7A4429}"
EndProject
Project("{FAE04EC0-301F-11D3-BF4B-00C04F79EFBC}") = "09.TextFilter", "09.TextFilter\09.TextFilter.csproj", "{E7A3AA5C-9AAA-4D15-8044-D3112CAA6A74}"
EndProject
Project("{FAE04EC0-301F-11D3-BF4B-00C04F79EFBC}") = "10.UnicodeCharacters", "10.UnicodeCharacters\10.UnicodeCharacters.csproj", "{52BE5BC3-43FB-4704-88C8-5DA07129A3CC}"
EndProject
Project("{FAE04EC0-301F-11D3-BF4B-00C04F79EFBC}") = "11.Palindromes", "11.Palindromes\11.Palindromes.csproj", "{983E59CF-6F2F-4AA4-B18B-2DAA25CEF987}"
EndProject
Project("{FAE04EC0-301F-11D3-BF4B-00C04F79EFBC}") = "12.CharacterMultiplier", "12.CharacterMultiplier\12.CharacterMultiplier.csproj", "{950E3466-3990-4315-8570-C5C3F1E7D61C}"
EndProject
Project("{FAE04EC0-301F-11D3-BF4B-00C04F79EFBC}") = "13.MagicExchangeableWords", "13.MagicExchangeableWords\13.MagicExchangeableWords.csproj", "{730D9103-D59B-4768-8B46-D18D377158B5}"
EndProject
Project("{FAE04EC0-301F-11D3-BF4B-00C04F79EFBC}") = "14.LettersChangeNumbers", "14.LettersChangeNumbers\14.LettersChangeNumbers.csproj", "{732B9D47-E3FF-43B1-8A11-07B44A5998DB}"
EndProject
Project("{FAE04EC0-301F-11D3-BF4B-00C04F79EFBC}") = "15.MelrahShake", "15.MelrahShake\15.MelrahShake.csproj", "{0463015E-2605-4323-98FF-C965CD805E78}"
EndProject
Global
	GlobalSection(SolutionConfigurationPlatforms) = preSolution
		Debug|Any CPU = Debug|Any CPU
		Release|Any CPU = Release|Any CPU
	EndGlobalSection
	GlobalSection(ProjectConfigurationPlatforms) = postSolution
		{98D05ECC-DA0A-4951-A216-E09D585BF63B}.Debug|Any CPU.ActiveCfg = Debug|Any CPU
		{98D05ECC-DA0A-4951-A216-E09D585BF63B}.Debug|Any CPU.Build.0 = Debug|Any CPU
		{98D05ECC-DA0A-4951-A216-E09D585BF63B}.Release|Any CPU.ActiveCfg = Release|Any CPU
		{98D05ECC-DA0A-4951-A216-E09D585BF63B}.Release|Any CPU.Build.0 = Release|Any CPU
		{3A9864AC-F0D8-4AE9-99B1-F6E92D1D6060}.Debug|Any CPU.ActiveCfg = Debug|Any CPU
		{3A9864AC-F0D8-4AE9-99B1-F6E92D1D6060}.Debug|Any CPU.Build.0 = Debug|Any CPU
		{3A9864AC-F0D8-4AE9-99B1-F6E92D1D6060}.Release|Any CPU.ActiveCfg = Release|Any CPU
		{3A9864AC-F0D8-4AE9-99B1-F6E92D1D6060}.Release|Any CPU.Build.0 = Release|Any CPU
		{8EBE1D34-AC16-4246-99EE-C811F1C77571}.Debug|Any CPU.ActiveCfg = Debug|Any CPU
		{8EBE1D34-AC16-4246-99EE-C811F1C77571}.Debug|Any CPU.Build.0 = Debug|Any CPU
		{8EBE1D34-AC16-4246-99EE-C811F1C77571}.Release|Any CPU.ActiveCfg = Release|Any CPU
		{8EBE1D34-AC16-4246-99EE-C811F1C77571}.Release|Any CPU.Build.0 = Release|Any CPU
		{58C1AF8A-DFF9-42D6-B7FB-F561E069D010}.Debug|Any CPU.ActiveCfg = Debug|Any CPU
		{58C1AF8A-DFF9-42D6-B7FB-F561E069D010}.Debug|Any CPU.Build.0 = Debug|Any CPU
		{58C1AF8A-DFF9-42D6-B7FB-F561E069D010}.Release|Any CPU.ActiveCfg = Release|Any CPU
		{58C1AF8A-DFF9-42D6-B7FB-F561E069D010}.Release|Any CPU.Build.0 = Release|Any CPU
		{ADC5933E-91A7-405D-BD19-8321E1112C88}.Debug|Any CPU.ActiveCfg = Debug|Any CPU
		{ADC5933E-91A7-405D-BD19-8321E1112C88}.Debug|Any CPU.Build.0 = Debug|Any CPU
		{ADC5933E-91A7-405D-BD19-8321E1112C88}.Release|Any CPU.ActiveCfg = Release|Any CPU
		{ADC5933E-91A7-405D-BD19-8321E1112C88}.Release|Any CPU.Build.0 = Release|Any CPU
		{393B1C81-4B3E-4C90-BF1B-4ECEFE508287}.Debug|Any CPU.ActiveCfg = Debug|Any CPU
		{393B1C81-4B3E-4C90-BF1B-4ECEFE508287}.Debug|Any CPU.Build.0 = Debug|Any CPU
		{393B1C81-4B3E-4C90-BF1B-4ECEFE508287}.Release|Any CPU.ActiveCfg = Release|Any CPU
		{393B1C81-4B3E-4C90-BF1B-4ECEFE508287}.Release|Any CPU.Build.0 = Release|Any CPU
		{B6CE4E1C-96AE-4EA2-B1D2-AD610A7A4429}.Debug|Any CPU.ActiveCfg = Debug|Any CPU
		{B6CE4E1C-96AE-4EA2-B1D2-AD610A7A4429}.Debug|Any CPU.Build.0 = Debug|Any CPU
		{B6CE4E1C-96AE-4EA2-B1D2-AD610A7A4429}.Release|Any CPU.ActiveCfg = Release|Any CPU
		{B6CE4E1C-96AE-4EA2-B1D2-AD610A7A4429}.Release|Any CPU.Build.0 = Release|Any CPU
		{E7A3AA5C-9AAA-4D15-8044-D3112CAA6A74}.Debug|Any CPU.ActiveCfg = Debug|Any CPU
		{E7A3AA5C-9AAA-4D15-8044-D3112CAA6A74}.Debug|Any CPU.Build.0 = Debug|Any CPU
		{E7A3AA5C-9AAA-4D15-8044-D3112CAA6A74}.Release|Any CPU.ActiveCfg = Release|Any CPU
		{E7A3AA5C-9AAA-4D15-8044-D3112CAA6A74}.Release|Any CPU.Build.0 = Release|Any CPU
		{52BE5BC3-43FB-4704-88C8-5DA07129A3CC}.Debug|Any CPU.ActiveCfg = Debug|Any CPU
		{52BE5BC3-43FB-4704-88C8-5DA07129A3CC}.Debug|Any CPU.Build.0 = Debug|Any CPU
		{52BE5BC3-43FB-4704-88C8-5DA07129A3CC}.Release|Any CPU.ActiveCfg = Release|Any CPU
		{52BE5BC3-43FB-4704-88C8-5DA07129A3CC}.Release|Any CPU.Build.0 = Release|Any CPU
		{983E59CF-6F2F-4AA4-B18B-2DAA25CEF987}.Debug|Any CPU.ActiveCfg = Debug|Any CPU
		{983E59CF-6F2F-4AA4-B18B-2DAA25CEF987}.Debug|Any CPU.Build.0 = Debug|Any CPU
		{983E59CF-6F2F-4AA4-B18B-2DAA25CEF987}.Release|Any CPU.ActiveCfg = Release|Any CPU
		{983E59CF-6F2F-4AA4-B18B-2DAA25CEF987}.Release|Any CPU.Build.0 = Release|Any CPU
		{950E3466-3990-4315-8570-C5C3F1E7D61C}.Debug|Any CPU.ActiveCfg = Debug|Any CPU
		{950E3466-3990-4315-8570-C5C3F1E7D61C}.Debug|Any CPU.Build.0 = Debug|Any CPU
		{950E3466-3990-4315-8570-C5C3F1E7D61C}.Release|Any CPU.ActiveCfg = Release|Any CPU
		{950E3466-3990-4315-8570-C5C3F1E7D61C}.Release|Any CPU.Build.0 = Release|Any CPU
		{730D9103-D59B-4768-8B46-D18D377158B5}.Debug|Any CPU.ActiveCfg = Debug|Any CPU
		{730D9103-D59B-4768-8B46-D18D377158B5}.Debug|Any CPU.Build.0 = Debug|Any CPU
		{730D9103-D59B-4768-8B46-D18D377158B5}.Release|Any CPU.ActiveCfg = Release|Any CPU
		{730D9103-D59B-4768-8B46-D18D377158B5}.Release|Any CPU.Build.0 = Release|Any CPU
		{732B9D47-E3FF-43B1-8A11-07B44A5998DB}.Debug|Any CPU.ActiveCfg = Debug|Any CPU
		{732B9D47-E3FF-43B1-8A11-07B44A5998DB}.Debug|Any CPU.Build.0 = Debug|Any CPU
		{732B9D47-E3FF-43B1-8A11-07B44A5998DB}.Release|Any CPU.ActiveCfg = Release|Any CPU
		{732B9D47-E3FF-43B1-8A11-07B44A5998DB}.Release|Any CPU.Build.0 = Release|Any CPU
		{0463015E-2605-4323-98FF-C965CD805E78}.Debug|Any CPU.ActiveCfg = Debug|Any CPU
		{0463015E-2605-4323-98FF-C965CD805E78}.Debug|Any CPU.Build.0 = Debug|Any CPU
		{0463015E-2605-4323-98FF-C965CD805E78}.Release|Any CPU.ActiveCfg = Release|Any CPU
		{0463015E-2605-4323-98FF-C965CD805E78}.Release|Any CPU.Build.0 = Release|Any CPU
	EndGlobalSection
	GlobalSection(SolutionProperties) = preSolution
		HideSolutionNode = FALSE
	EndGlobalSection
EndGlobal
