
Microsoft Visual Studio Solution File, Format Version 12.00
# Visual Studio 14
VisualStudioVersion = 14.0.25420.1
MinimumVisualStudioVersion = 10.0.40219.1
Project("{FAE04EC0-301F-11D3-BF4B-00C04F79EFBC}") = "01.Triangle", "01.Triangle\01.Triangle.csproj", "{544437C7-D4FB-4CD6-B3A6-D68B669ADE7B}"
EndProject
Project("{FAE04EC0-301F-11D3-BF4B-00C04F79EFBC}") = "02.Pairs", "02.Pairs\02.Pairs.csproj", "{EC2EDBC1-4EB2-40D1-9BD1-6F18BC99FDD2}"
EndProject
Project("{FAE04EC0-301F-11D3-BF4B-00C04F79EFBC}") = "03.House", "03.House\03.House.csproj", "{7A2255C6-2909-4870-82DD-6CBD5EEE055B}"
EndProject
Project("{FAE04EC0-301F-11D3-BF4B-00C04F79EFBC}") = "04.MagicDates", "04.MagicDates\04.MagicDates.csproj", "{A432CC33-FF30-4C76-B6E6-35093854D91B}"
EndProject
Global
	GlobalSection(SolutionConfigurationPlatforms) = preSolution
		Debug|Any CPU = Debug|Any CPU
		Release|Any CPU = Release|Any CPU
	EndGlobalSection
	GlobalSection(ProjectConfigurationPlatforms) = postSolution
		{544437C7-D4FB-4CD6-B3A6-D68B669ADE7B}.Debug|Any CPU.ActiveCfg = Debug|Any CPU
		{544437C7-D4FB-4CD6-B3A6-D68B669ADE7B}.Debug|Any CPU.Build.0 = Debug|Any CPU
		{544437C7-D4FB-4CD6-B3A6-D68B669ADE7B}.Release|Any CPU.ActiveCfg = Release|Any CPU
		{544437C7-D4FB-4CD6-B3A6-D68B669ADE7B}.Release|Any CPU.Build.0 = Release|Any CPU
		{EC2EDBC1-4EB2-40D1-9BD1-6F18BC99FDD2}.Debug|Any CPU.ActiveCfg = Debug|Any CPU
		{EC2EDBC1-4EB2-40D1-9BD1-6F18BC99FDD2}.Debug|Any CPU.Build.0 = Debug|Any CPU
		{EC2EDBC1-4EB2-40D1-9BD1-6F18BC99FDD2}.Release|Any CPU.ActiveCfg = Release|Any CPU
		{EC2EDBC1-4EB2-40D1-9BD1-6F18BC99FDD2}.Release|Any CPU.Build.0 = Release|Any CPU
		{7A2255C6-2909-4870-82DD-6CBD5EEE055B}.Debug|Any CPU.ActiveCfg = Debug|Any CPU
		{7A2255C6-2909-4870-82DD-6CBD5EEE055B}.Debug|Any CPU.Build.0 = Debug|Any CPU
		{7A2255C6-2909-4870-82DD-6CBD5EEE055B}.Release|Any CPU.ActiveCfg = Release|Any CPU
		{7A2255C6-2909-4870-82DD-6CBD5EEE055B}.Release|Any CPU.Build.0 = Release|Any CPU
		{A432CC33-FF30-4C76-B6E6-35093854D91B}.Debug|Any CPU.ActiveCfg = Debug|Any CPU
		{A432CC33-FF30-4C76-B6E6-35093854D91B}.Debug|Any CPU.Build.0 = Debug|Any CPU
		{A432CC33-FF30-4C76-B6E6-35093854D91B}.Release|Any CPU.ActiveCfg = Release|Any CPU
		{A432CC33-FF30-4C76-B6E6-35093854D91B}.Release|Any CPU.Build.0 = Release|Any CPU
	EndGlobalSection
	GlobalSection(SolutionProperties) = preSolution
		HideSolutionNode = FALSE
	EndGlobalSection
EndGlobal
