
Microsoft Visual Studio Solution File, Format Version 12.00
# Visual Studio 14
VisualStudioVersion = 14.0.25420.1
MinimumVisualStudioVersion = 10.0.40219.1
Project("{FAE04EC0-301F-11D3-BF4B-00C04F79EFBC}") = "01.CenturiesToMinutes", "01.CenturiesToMinutes\01.CenturiesToMinutes.csproj", "{FB75CAC6-DE61-45F0-9465-A1AAAEE60004}"
EndProject
Project("{FAE04EC0-301F-11D3-BF4B-00C04F79EFBC}") = "02.CircleArea", "02.CircleArea\02.CircleArea.csproj", "{5D51B64B-D604-4DDF-8CCB-2EC327E2419B}"
EndProject
Project("{FAE04EC0-301F-11D3-BF4B-00C04F79EFBC}") = "03.ExtraSumOfrealNumbers", "03.ExtraSumOfrealNumbers\03.ExtraSumOfrealNumbers.csproj", "{623C2707-74C3-4D2E-8F00-F77C11A0AED8}"
EndProject
Project("{FAE04EC0-301F-11D3-BF4B-00C04F79EFBC}") = "04.Elevator", "04.Elevator\04.Elevator.csproj", "{282845CB-E2C4-495C-92B6-1E60F15D0828}"
EndProject
Project("{FAE04EC0-301F-11D3-BF4B-00C04F79EFBC}") = "05.SpecialNumbers", "05.SpecialNumbers\05.SpecialNumbers.csproj", "{3C10C7EA-A08C-43AE-9838-4DD48D7ADB3E}"
EndProject
Project("{FAE04EC0-301F-11D3-BF4B-00C04F79EFBC}") = "06.TriplesOfLatinLetters", "06.TriplesOfLatinLetters\06.TriplesOfLatinLetters.csproj", "{87C9D1EA-0E29-4CD6-B70D-1CB821810713}"
EndProject
Project("{FAE04EC0-301F-11D3-BF4B-00C04F79EFBC}") = "07.Greeting", "07.Greeting\07.Greeting.csproj", "{D8708E3E-D0BB-4A4E-BA59-C803F910B277}"
EndProject
Project("{FAE04EC0-301F-11D3-BF4B-00C04F79EFBC}") = "08.RefactorVolumeOfPyramid", "08.RefactorVolumeOfPyramid\08.RefactorVolumeOfPyramid.csproj", "{63546941-79DE-4202-918B-F61EA5B560C3}"
EndProject
Project("{FAE04EC0-301F-11D3-BF4B-00C04F79EFBC}") = "09.RefactorSpecialNumbers", "09.RefactorSpecialNumbers\09.RefactorSpecialNumbers.csproj", "{CC923AAE-D512-4F7F-B21A-59524D858209}"
EndProject
Global
	GlobalSection(SolutionConfigurationPlatforms) = preSolution
		Debug|Any CPU = Debug|Any CPU
		Release|Any CPU = Release|Any CPU
	EndGlobalSection
	GlobalSection(ProjectConfigurationPlatforms) = postSolution
		{FB75CAC6-DE61-45F0-9465-A1AAAEE60004}.Debug|Any CPU.ActiveCfg = Debug|Any CPU
		{FB75CAC6-DE61-45F0-9465-A1AAAEE60004}.Debug|Any CPU.Build.0 = Debug|Any CPU
		{FB75CAC6-DE61-45F0-9465-A1AAAEE60004}.Release|Any CPU.ActiveCfg = Release|Any CPU
		{FB75CAC6-DE61-45F0-9465-A1AAAEE60004}.Release|Any CPU.Build.0 = Release|Any CPU
		{5D51B64B-D604-4DDF-8CCB-2EC327E2419B}.Debug|Any CPU.ActiveCfg = Debug|Any CPU
		{5D51B64B-D604-4DDF-8CCB-2EC327E2419B}.Debug|Any CPU.Build.0 = Debug|Any CPU
		{5D51B64B-D604-4DDF-8CCB-2EC327E2419B}.Release|Any CPU.ActiveCfg = Release|Any CPU
		{5D51B64B-D604-4DDF-8CCB-2EC327E2419B}.Release|Any CPU.Build.0 = Release|Any CPU
		{623C2707-74C3-4D2E-8F00-F77C11A0AED8}.Debug|Any CPU.ActiveCfg = Debug|Any CPU
		{623C2707-74C3-4D2E-8F00-F77C11A0AED8}.Debug|Any CPU.Build.0 = Debug|Any CPU
		{623C2707-74C3-4D2E-8F00-F77C11A0AED8}.Release|Any CPU.ActiveCfg = Release|Any CPU
		{623C2707-74C3-4D2E-8F00-F77C11A0AED8}.Release|Any CPU.Build.0 = Release|Any CPU
		{282845CB-E2C4-495C-92B6-1E60F15D0828}.Debug|Any CPU.ActiveCfg = Debug|Any CPU
		{282845CB-E2C4-495C-92B6-1E60F15D0828}.Debug|Any CPU.Build.0 = Debug|Any CPU
		{282845CB-E2C4-495C-92B6-1E60F15D0828}.Release|Any CPU.ActiveCfg = Release|Any CPU
		{282845CB-E2C4-495C-92B6-1E60F15D0828}.Release|Any CPU.Build.0 = Release|Any CPU
		{3C10C7EA-A08C-43AE-9838-4DD48D7ADB3E}.Debug|Any CPU.ActiveCfg = Debug|Any CPU
		{3C10C7EA-A08C-43AE-9838-4DD48D7ADB3E}.Debug|Any CPU.Build.0 = Debug|Any CPU
		{3C10C7EA-A08C-43AE-9838-4DD48D7ADB3E}.Release|Any CPU.ActiveCfg = Release|Any CPU
		{3C10C7EA-A08C-43AE-9838-4DD48D7ADB3E}.Release|Any CPU.Build.0 = Release|Any CPU
		{87C9D1EA-0E29-4CD6-B70D-1CB821810713}.Debug|Any CPU.ActiveCfg = Debug|Any CPU
		{87C9D1EA-0E29-4CD6-B70D-1CB821810713}.Debug|Any CPU.Build.0 = Debug|Any CPU
		{87C9D1EA-0E29-4CD6-B70D-1CB821810713}.Release|Any CPU.ActiveCfg = Release|Any CPU
		{87C9D1EA-0E29-4CD6-B70D-1CB821810713}.Release|Any CPU.Build.0 = Release|Any CPU
		{D8708E3E-D0BB-4A4E-BA59-C803F910B277}.Debug|Any CPU.ActiveCfg = Debug|Any CPU
		{D8708E3E-D0BB-4A4E-BA59-C803F910B277}.Debug|Any CPU.Build.0 = Debug|Any CPU
		{D8708E3E-D0BB-4A4E-BA59-C803F910B277}.Release|Any CPU.ActiveCfg = Release|Any CPU
		{D8708E3E-D0BB-4A4E-BA59-C803F910B277}.Release|Any CPU.Build.0 = Release|Any CPU
		{63546941-79DE-4202-918B-F61EA5B560C3}.Debug|Any CPU.ActiveCfg = Debug|Any CPU
		{63546941-79DE-4202-918B-F61EA5B560C3}.Debug|Any CPU.Build.0 = Debug|Any CPU
		{63546941-79DE-4202-918B-F61EA5B560C3}.Release|Any CPU.ActiveCfg = Release|Any CPU
		{63546941-79DE-4202-918B-F61EA5B560C3}.Release|Any CPU.Build.0 = Release|Any CPU
		{CC923AAE-D512-4F7F-B21A-59524D858209}.Debug|Any CPU.ActiveCfg = Debug|Any CPU
		{CC923AAE-D512-4F7F-B21A-59524D858209}.Debug|Any CPU.Build.0 = Debug|Any CPU
		{CC923AAE-D512-4F7F-B21A-59524D858209}.Release|Any CPU.ActiveCfg = Release|Any CPU
		{CC923AAE-D512-4F7F-B21A-59524D858209}.Release|Any CPU.Build.0 = Release|Any CPU
	EndGlobalSection
	GlobalSection(SolutionProperties) = preSolution
		HideSolutionNode = FALSE
	EndGlobalSection
EndGlobal
