
Microsoft Visual Studio Solution File, Format Version 12.00
# Visual Studio 14
VisualStudioVersion = 14.0.25420.1
MinimumVisualStudioVersion = 10.0.40219.1
Project("{FAE04EC0-301F-11D3-BF4B-00C04F79EFBC}") = "01.Tables", "01.Tables\01.Tables.csproj", "{4E5583CA-7014-4E13-AEA1-B39848D80CE5}"
EndProject
Project("{FAE04EC0-301F-11D3-BF4B-00C04F79EFBC}") = "02.BookOrders", "02.BookOrders\02.BookOrders.csproj", "{2E79E160-890E-4291-BC06-9128F2B4D9F9}"
EndProject
Project("{FAE04EC0-301F-11D3-BF4B-00C04F79EFBC}") = "03.Car", "03.Car\03.Car.csproj", "{22ABE002-28DD-4DD1-A6AE-711C1BF4105C}"
EndProject
Project("{FAE04EC0-301F-11D3-BF4B-00C04F79EFBC}") = "04.ChessQueens", "04.ChessQueens\04.ChessQueens.csproj", "{AA97D3D5-EBC3-4350-98B1-DD04F8FAE60A}"
EndProject
Global
	GlobalSection(SolutionConfigurationPlatforms) = preSolution
		Debug|Any CPU = Debug|Any CPU
		Release|Any CPU = Release|Any CPU
	EndGlobalSection
	GlobalSection(ProjectConfigurationPlatforms) = postSolution
		{4E5583CA-7014-4E13-AEA1-B39848D80CE5}.Debug|Any CPU.ActiveCfg = Debug|Any CPU
		{4E5583CA-7014-4E13-AEA1-B39848D80CE5}.Debug|Any CPU.Build.0 = Debug|Any CPU
		{4E5583CA-7014-4E13-AEA1-B39848D80CE5}.Release|Any CPU.ActiveCfg = Release|Any CPU
		{4E5583CA-7014-4E13-AEA1-B39848D80CE5}.Release|Any CPU.Build.0 = Release|Any CPU
		{2E79E160-890E-4291-BC06-9128F2B4D9F9}.Debug|Any CPU.ActiveCfg = Debug|Any CPU
		{2E79E160-890E-4291-BC06-9128F2B4D9F9}.Debug|Any CPU.Build.0 = Debug|Any CPU
		{2E79E160-890E-4291-BC06-9128F2B4D9F9}.Release|Any CPU.ActiveCfg = Release|Any CPU
		{2E79E160-890E-4291-BC06-9128F2B4D9F9}.Release|Any CPU.Build.0 = Release|Any CPU
		{22ABE002-28DD-4DD1-A6AE-711C1BF4105C}.Debug|Any CPU.ActiveCfg = Debug|Any CPU
		{22ABE002-28DD-4DD1-A6AE-711C1BF4105C}.Debug|Any CPU.Build.0 = Debug|Any CPU
		{22ABE002-28DD-4DD1-A6AE-711C1BF4105C}.Release|Any CPU.ActiveCfg = Release|Any CPU
		{22ABE002-28DD-4DD1-A6AE-711C1BF4105C}.Release|Any CPU.Build.0 = Release|Any CPU
		{AA97D3D5-EBC3-4350-98B1-DD04F8FAE60A}.Debug|Any CPU.ActiveCfg = Debug|Any CPU
		{AA97D3D5-EBC3-4350-98B1-DD04F8FAE60A}.Debug|Any CPU.Build.0 = Debug|Any CPU
		{AA97D3D5-EBC3-4350-98B1-DD04F8FAE60A}.Release|Any CPU.ActiveCfg = Release|Any CPU
		{AA97D3D5-EBC3-4350-98B1-DD04F8FAE60A}.Release|Any CPU.Build.0 = Release|Any CPU
	EndGlobalSection
	GlobalSection(SolutionProperties) = preSolution
		HideSolutionNode = FALSE
	EndGlobalSection
EndGlobal
