
Microsoft Visual Studio Solution File, Format Version 12.00
# Visual Studio 14
VisualStudioVersion = 14.0.25420.1
MinimumVisualStudioVersion = 10.0.40219.1
Project("{FAE04EC0-301F-11D3-BF4B-00C04F79EFBC}") = "01.Shellbound", "01.Shellbound\01.Shellbound.csproj", "{906CD0F9-A8AD-440C-B9A5-0FC71D14F187}"
EndProject
Project("{FAE04EC0-301F-11D3-BF4B-00C04F79EFBC}") = "02.Dict-Ref-Advanced", "02.Dict-Ref-Advanced\02.Dict-Ref-Advanced.csproj", "{47662AE9-06A1-4098-8524-C43D0CEECE8C}"
EndProject
Project("{FAE04EC0-301F-11D3-BF4B-00C04F79EFBC}") = "03.ForumTopics", "03.ForumTopics\03.ForumTopics.csproj", "{529CABC2-F00F-4F54-B41F-DAF996045A6E}"
EndProject
Project("{FAE04EC0-301F-11D3-BF4B-00C04F79EFBC}") = "04.SocialMediaPosts", "04.SocialMediaPosts\04.SocialMediaPosts.csproj", "{3FE11E25-9E8D-45BD-BF37-B3670234B929}"
EndProject
Global
	GlobalSection(SolutionConfigurationPlatforms) = preSolution
		Debug|Any CPU = Debug|Any CPU
		Release|Any CPU = Release|Any CPU
	EndGlobalSection
	GlobalSection(ProjectConfigurationPlatforms) = postSolution
		{906CD0F9-A8AD-440C-B9A5-0FC71D14F187}.Debug|Any CPU.ActiveCfg = Debug|Any CPU
		{906CD0F9-A8AD-440C-B9A5-0FC71D14F187}.Debug|Any CPU.Build.0 = Debug|Any CPU
		{906CD0F9-A8AD-440C-B9A5-0FC71D14F187}.Release|Any CPU.ActiveCfg = Release|Any CPU
		{906CD0F9-A8AD-440C-B9A5-0FC71D14F187}.Release|Any CPU.Build.0 = Release|Any CPU
		{47662AE9-06A1-4098-8524-C43D0CEECE8C}.Debug|Any CPU.ActiveCfg = Debug|Any CPU
		{47662AE9-06A1-4098-8524-C43D0CEECE8C}.Debug|Any CPU.Build.0 = Debug|Any CPU
		{47662AE9-06A1-4098-8524-C43D0CEECE8C}.Release|Any CPU.ActiveCfg = Release|Any CPU
		{47662AE9-06A1-4098-8524-C43D0CEECE8C}.Release|Any CPU.Build.0 = Release|Any CPU
		{529CABC2-F00F-4F54-B41F-DAF996045A6E}.Debug|Any CPU.ActiveCfg = Debug|Any CPU
		{529CABC2-F00F-4F54-B41F-DAF996045A6E}.Debug|Any CPU.Build.0 = Debug|Any CPU
		{529CABC2-F00F-4F54-B41F-DAF996045A6E}.Release|Any CPU.ActiveCfg = Release|Any CPU
		{529CABC2-F00F-4F54-B41F-DAF996045A6E}.Release|Any CPU.Build.0 = Release|Any CPU
		{3FE11E25-9E8D-45BD-BF37-B3670234B929}.Debug|Any CPU.ActiveCfg = Debug|Any CPU
		{3FE11E25-9E8D-45BD-BF37-B3670234B929}.Debug|Any CPU.Build.0 = Debug|Any CPU
		{3FE11E25-9E8D-45BD-BF37-B3670234B929}.Release|Any CPU.ActiveCfg = Release|Any CPU
		{3FE11E25-9E8D-45BD-BF37-B3670234B929}.Release|Any CPU.Build.0 = Release|Any CPU
	EndGlobalSection
	GlobalSection(SolutionProperties) = preSolution
		HideSolutionNode = FALSE
	EndGlobalSection
EndGlobal
