
Microsoft Visual Studio Solution File, Format Version 12.00
# Visual Studio 15
VisualStudioVersion = 15.0.26430.14
MinimumVisualStudioVersion = 10.0.40219.1
Project("{FAE04EC0-301F-11D3-BF4B-00C04F79EFBC}") = "01.CardSuit", "01.CardSuit\01.CardSuit.csproj", "{C7E55584-516C-4245-8084-3B583061C2A6}"
EndProject
Project("{FAE04EC0-301F-11D3-BF4B-00C04F79EFBC}") = "02.CardRank", "02.CardRank\02.CardRank.csproj", "{B196F5FC-D298-4BFA-BD19-3A2B91BDCCB7}"
EndProject
Project("{FAE04EC0-301F-11D3-BF4B-00C04F79EFBC}") = "03-08.CardPower", "03.CardPower\03-08.CardPower.csproj", "{09BA4408-E989-42CA-85D3-41B37DB650DD}"
EndProject
Project("{FAE04EC0-301F-11D3-BF4B-00C04F79EFBC}") = "09.TrafficLight", "09.TrafficLight\09.TrafficLight.csproj", "{5E8E5B96-5066-4732-8788-EF41807705E8}"
EndProject
Project("{FAE04EC0-301F-11D3-BF4B-00C04F79EFBC}") = "10.CustomClassAttribute", "10.CustomClassAttribute\10.CustomClassAttribute.csproj", "{679DA938-04D5-449D-AE84-B1592E3D227C}"
EndProject
Project("{FAE04EC0-301F-11D3-BF4B-00C04F79EFBC}") = "11.InfernoInfinity", "11.InfernoInfinity\11.InfernoInfinity.csproj", "{0E95E30B-1D39-4994-8D0F-2BDC844633E2}"
EndProject
Global
	GlobalSection(SolutionConfigurationPlatforms) = preSolution
		Debug|Any CPU = Debug|Any CPU
		Release|Any CPU = Release|Any CPU
	EndGlobalSection
	GlobalSection(ProjectConfigurationPlatforms) = postSolution
		{C7E55584-516C-4245-8084-3B583061C2A6}.Debug|Any CPU.ActiveCfg = Debug|Any CPU
		{C7E55584-516C-4245-8084-3B583061C2A6}.Debug|Any CPU.Build.0 = Debug|Any CPU
		{C7E55584-516C-4245-8084-3B583061C2A6}.Release|Any CPU.ActiveCfg = Release|Any CPU
		{C7E55584-516C-4245-8084-3B583061C2A6}.Release|Any CPU.Build.0 = Release|Any CPU
		{B196F5FC-D298-4BFA-BD19-3A2B91BDCCB7}.Debug|Any CPU.ActiveCfg = Debug|Any CPU
		{B196F5FC-D298-4BFA-BD19-3A2B91BDCCB7}.Debug|Any CPU.Build.0 = Debug|Any CPU
		{B196F5FC-D298-4BFA-BD19-3A2B91BDCCB7}.Release|Any CPU.ActiveCfg = Release|Any CPU
		{B196F5FC-D298-4BFA-BD19-3A2B91BDCCB7}.Release|Any CPU.Build.0 = Release|Any CPU
		{09BA4408-E989-42CA-85D3-41B37DB650DD}.Debug|Any CPU.ActiveCfg = Debug|Any CPU
		{09BA4408-E989-42CA-85D3-41B37DB650DD}.Debug|Any CPU.Build.0 = Debug|Any CPU
		{09BA4408-E989-42CA-85D3-41B37DB650DD}.Release|Any CPU.ActiveCfg = Release|Any CPU
		{09BA4408-E989-42CA-85D3-41B37DB650DD}.Release|Any CPU.Build.0 = Release|Any CPU
		{5E8E5B96-5066-4732-8788-EF41807705E8}.Debug|Any CPU.ActiveCfg = Debug|Any CPU
		{5E8E5B96-5066-4732-8788-EF41807705E8}.Debug|Any CPU.Build.0 = Debug|Any CPU
		{5E8E5B96-5066-4732-8788-EF41807705E8}.Release|Any CPU.ActiveCfg = Release|Any CPU
		{5E8E5B96-5066-4732-8788-EF41807705E8}.Release|Any CPU.Build.0 = Release|Any CPU
		{679DA938-04D5-449D-AE84-B1592E3D227C}.Debug|Any CPU.ActiveCfg = Debug|Any CPU
		{679DA938-04D5-449D-AE84-B1592E3D227C}.Debug|Any CPU.Build.0 = Debug|Any CPU
		{679DA938-04D5-449D-AE84-B1592E3D227C}.Release|Any CPU.ActiveCfg = Release|Any CPU
		{679DA938-04D5-449D-AE84-B1592E3D227C}.Release|Any CPU.Build.0 = Release|Any CPU
		{0E95E30B-1D39-4994-8D0F-2BDC844633E2}.Debug|Any CPU.ActiveCfg = Debug|Any CPU
		{0E95E30B-1D39-4994-8D0F-2BDC844633E2}.Debug|Any CPU.Build.0 = Debug|Any CPU
		{0E95E30B-1D39-4994-8D0F-2BDC844633E2}.Release|Any CPU.ActiveCfg = Release|Any CPU
		{0E95E30B-1D39-4994-8D0F-2BDC844633E2}.Release|Any CPU.Build.0 = Release|Any CPU
	EndGlobalSection
	GlobalSection(SolutionProperties) = preSolution
		HideSolutionNode = FALSE
	EndGlobalSection
EndGlobal
