
Microsoft Visual Studio Solution File, Format Version 12.00
# Visual Studio 15
VisualStudioVersion = 15.0.27004.2005
MinimumVisualStudioVersion = 10.0.40219.1
Project("{FAE04EC0-301F-11D3-BF4B-00C04F79EFBC}") = "MyFirstWebServer", "MyFirstWebServer\MyFirstWebServer.csproj", "{87330B15-EBF5-4597-9C5A-5F22636B876E}"
EndProject
Global
	GlobalSection(SolutionConfigurationPlatforms) = preSolution
		Debug|Any CPU = Debug|Any CPU
		Release|Any CPU = Release|Any CPU
	EndGlobalSection
	GlobalSection(ProjectConfigurationPlatforms) = postSolution
		{87330B15-EBF5-4597-9C5A-5F22636B876E}.Debug|Any CPU.ActiveCfg = Debug|Any CPU
		{87330B15-EBF5-4597-9C5A-5F22636B876E}.Debug|Any CPU.Build.0 = Debug|Any CPU
		{87330B15-EBF5-4597-9C5A-5F22636B876E}.Release|Any CPU.ActiveCfg = Release|Any CPU
		{87330B15-EBF5-4597-9C5A-5F22636B876E}.Release|Any CPU.Build.0 = Release|Any CPU
	EndGlobalSection
	GlobalSection(SolutionProperties) = preSolution
		HideSolutionNode = FALSE
	EndGlobalSection
	GlobalSection(ExtensibilityGlobals) = postSolution
		SolutionGuid = {72E315A2-461F-430B-B97C-C23B1E9E122B}
	EndGlobalSection
EndGlobal
