
Microsoft Visual Studio Solution File, Format Version 12.00
# Visual Studio 14
VisualStudioVersion = 14.0.25420.1
MinimumVisualStudioVersion = 10.0.40219.1
Project("{FAE04EC0-301F-11D3-BF4B-00C04F79EFBC}") = "01.InsideTheBuilding", "01.InsideTheBuilding\01.InsideTheBuilding.csproj", "{AC54B517-E361-4583-A177-D5E2A5CEDE57}"
EndProject
Project("{FAE04EC0-301F-11D3-BF4B-00C04F79EFBC}") = "02.StudentCables", "02.StudentCables\02.StudentCables.csproj", "{953C2C40-065A-4641-95D3-F17EB81D1D49}"
EndProject
Project("{FAE04EC0-301F-11D3-BF4B-00C04F79EFBC}") = "03.ProgrammerDNA", "03.ProgrammerDNA\03.ProgrammerDNA.csproj", "{8ECBCB93-A288-4BD0-9BED-B67D01701119}"
EndProject
Project("{FAE04EC0-301F-11D3-BF4B-00C04F79EFBC}") = "04.MagicCarNumbers", "04.MagicCarNumbers\04.MagicCarNumbers.csproj", "{21DA73B2-B2DD-4A80-98CB-C46501A79FB2}"
EndProject
Global
	GlobalSection(SolutionConfigurationPlatforms) = preSolution
		Debug|Any CPU = Debug|Any CPU
		Release|Any CPU = Release|Any CPU
	EndGlobalSection
	GlobalSection(ProjectConfigurationPlatforms) = postSolution
		{AC54B517-E361-4583-A177-D5E2A5CEDE57}.Debug|Any CPU.ActiveCfg = Debug|Any CPU
		{AC54B517-E361-4583-A177-D5E2A5CEDE57}.Debug|Any CPU.Build.0 = Debug|Any CPU
		{AC54B517-E361-4583-A177-D5E2A5CEDE57}.Release|Any CPU.ActiveCfg = Release|Any CPU
		{AC54B517-E361-4583-A177-D5E2A5CEDE57}.Release|Any CPU.Build.0 = Release|Any CPU
		{953C2C40-065A-4641-95D3-F17EB81D1D49}.Debug|Any CPU.ActiveCfg = Debug|Any CPU
		{953C2C40-065A-4641-95D3-F17EB81D1D49}.Debug|Any CPU.Build.0 = Debug|Any CPU
		{953C2C40-065A-4641-95D3-F17EB81D1D49}.Release|Any CPU.ActiveCfg = Release|Any CPU
		{953C2C40-065A-4641-95D3-F17EB81D1D49}.Release|Any CPU.Build.0 = Release|Any CPU
		{8ECBCB93-A288-4BD0-9BED-B67D01701119}.Debug|Any CPU.ActiveCfg = Debug|Any CPU
		{8ECBCB93-A288-4BD0-9BED-B67D01701119}.Debug|Any CPU.Build.0 = Debug|Any CPU
		{8ECBCB93-A288-4BD0-9BED-B67D01701119}.Release|Any CPU.ActiveCfg = Release|Any CPU
		{8ECBCB93-A288-4BD0-9BED-B67D01701119}.Release|Any CPU.Build.0 = Release|Any CPU
		{21DA73B2-B2DD-4A80-98CB-C46501A79FB2}.Debug|Any CPU.ActiveCfg = Debug|Any CPU
		{21DA73B2-B2DD-4A80-98CB-C46501A79FB2}.Debug|Any CPU.Build.0 = Debug|Any CPU
		{21DA73B2-B2DD-4A80-98CB-C46501A79FB2}.Release|Any CPU.ActiveCfg = Release|Any CPU
		{21DA73B2-B2DD-4A80-98CB-C46501A79FB2}.Release|Any CPU.Build.0 = Release|Any CPU
	EndGlobalSection
	GlobalSection(SolutionProperties) = preSolution
		HideSolutionNode = FALSE
	EndGlobalSection
EndGlobal
