
Microsoft Visual Studio Solution File, Format Version 12.00
# Visual Studio 14
VisualStudioVersion = 14.0.25420.1
MinimumVisualStudioVersion = 10.0.40219.1
Project("{FAE04EC0-301F-11D3-BF4B-00C04F79EFBC}") = "01.RemoveNegativesАndReverse", "01.RemoveNegativesАndReverse\01.RemoveNegativesАndReverse.csproj", "{F54B4A25-6E5C-4C9A-8665-F6E9976C6C93}"
EndProject
Project("{FAE04EC0-301F-11D3-BF4B-00C04F79EFBC}") = "02.AppendLists", "02.AppendLists\02.AppendLists.csproj", "{DF00BCDF-D2FE-4C81-BA9F-6408612ED3E3}"
EndProject
Project("{FAE04EC0-301F-11D3-BF4B-00C04F79EFBC}") = "03.SumAdjacentEqualNumbers", "03.SumAdjacentEqualNumbers\03.SumAdjacentEqualNumbers.csproj", "{7B597D6B-2160-4A34-AC81-4A1E8442A57F}"
EndProject
Project("{FAE04EC0-301F-11D3-BF4B-00C04F79EFBC}") = "04.SplitByWordCasing", "04.SplitByWordCasing\04.SplitByWordCasing.csproj", "{8E3B0085-C5C5-4D25-A528-6680FE9F021F}"
EndProject
Project("{FAE04EC0-301F-11D3-BF4B-00C04F79EFBC}") = "05.SortNumbers", "05.SortNumbers\05.SortNumbers.csproj", "{F841689D-4748-4D58-8641-BBFCD3E939AE}"
EndProject
Project("{FAE04EC0-301F-11D3-BF4B-00C04F79EFBC}") = "06.SquareNumbers", "06.SquareNumbers\06.SquareNumbers.csproj", "{67B4964A-5F87-4AF5-8B21-47188074CDA8}"
EndProject
Project("{FAE04EC0-301F-11D3-BF4B-00C04F79EFBC}") = "07.CountNumbers", "07.CountNumbers\07.CountNumbers.csproj", "{E939563B-77D8-46C3-8AD1-DC43CBE48AC8}"
EndProject
Global
	GlobalSection(SolutionConfigurationPlatforms) = preSolution
		Debug|Any CPU = Debug|Any CPU
		Release|Any CPU = Release|Any CPU
	EndGlobalSection
	GlobalSection(ProjectConfigurationPlatforms) = postSolution
		{F54B4A25-6E5C-4C9A-8665-F6E9976C6C93}.Debug|Any CPU.ActiveCfg = Debug|Any CPU
		{F54B4A25-6E5C-4C9A-8665-F6E9976C6C93}.Debug|Any CPU.Build.0 = Debug|Any CPU
		{F54B4A25-6E5C-4C9A-8665-F6E9976C6C93}.Release|Any CPU.ActiveCfg = Release|Any CPU
		{F54B4A25-6E5C-4C9A-8665-F6E9976C6C93}.Release|Any CPU.Build.0 = Release|Any CPU
		{DF00BCDF-D2FE-4C81-BA9F-6408612ED3E3}.Debug|Any CPU.ActiveCfg = Debug|Any CPU
		{DF00BCDF-D2FE-4C81-BA9F-6408612ED3E3}.Debug|Any CPU.Build.0 = Debug|Any CPU
		{DF00BCDF-D2FE-4C81-BA9F-6408612ED3E3}.Release|Any CPU.ActiveCfg = Release|Any CPU
		{DF00BCDF-D2FE-4C81-BA9F-6408612ED3E3}.Release|Any CPU.Build.0 = Release|Any CPU
		{7B597D6B-2160-4A34-AC81-4A1E8442A57F}.Debug|Any CPU.ActiveCfg = Debug|Any CPU
		{7B597D6B-2160-4A34-AC81-4A1E8442A57F}.Debug|Any CPU.Build.0 = Debug|Any CPU
		{7B597D6B-2160-4A34-AC81-4A1E8442A57F}.Release|Any CPU.ActiveCfg = Release|Any CPU
		{7B597D6B-2160-4A34-AC81-4A1E8442A57F}.Release|Any CPU.Build.0 = Release|Any CPU
		{8E3B0085-C5C5-4D25-A528-6680FE9F021F}.Debug|Any CPU.ActiveCfg = Debug|Any CPU
		{8E3B0085-C5C5-4D25-A528-6680FE9F021F}.Debug|Any CPU.Build.0 = Debug|Any CPU
		{8E3B0085-C5C5-4D25-A528-6680FE9F021F}.Release|Any CPU.ActiveCfg = Release|Any CPU
		{8E3B0085-C5C5-4D25-A528-6680FE9F021F}.Release|Any CPU.Build.0 = Release|Any CPU
		{F841689D-4748-4D58-8641-BBFCD3E939AE}.Debug|Any CPU.ActiveCfg = Debug|Any CPU
		{F841689D-4748-4D58-8641-BBFCD3E939AE}.Debug|Any CPU.Build.0 = Debug|Any CPU
		{F841689D-4748-4D58-8641-BBFCD3E939AE}.Release|Any CPU.ActiveCfg = Release|Any CPU
		{F841689D-4748-4D58-8641-BBFCD3E939AE}.Release|Any CPU.Build.0 = Release|Any CPU
		{67B4964A-5F87-4AF5-8B21-47188074CDA8}.Debug|Any CPU.ActiveCfg = Debug|Any CPU
		{67B4964A-5F87-4AF5-8B21-47188074CDA8}.Debug|Any CPU.Build.0 = Debug|Any CPU
		{67B4964A-5F87-4AF5-8B21-47188074CDA8}.Release|Any CPU.ActiveCfg = Release|Any CPU
		{67B4964A-5F87-4AF5-8B21-47188074CDA8}.Release|Any CPU.Build.0 = Release|Any CPU
		{E939563B-77D8-46C3-8AD1-DC43CBE48AC8}.Debug|Any CPU.ActiveCfg = Debug|Any CPU
		{E939563B-77D8-46C3-8AD1-DC43CBE48AC8}.Debug|Any CPU.Build.0 = Debug|Any CPU
		{E939563B-77D8-46C3-8AD1-DC43CBE48AC8}.Release|Any CPU.ActiveCfg = Release|Any CPU
		{E939563B-77D8-46C3-8AD1-DC43CBE48AC8}.Release|Any CPU.Build.0 = Release|Any CPU
	EndGlobalSection
	GlobalSection(SolutionProperties) = preSolution
		HideSolutionNode = FALSE
	EndGlobalSection
EndGlobal
