
Microsoft Visual Studio Solution File, Format Version 12.00
# Visual Studio 14
VisualStudioVersion = 14.0.25420.1
MinimumVisualStudioVersion = 10.0.40219.1
Project("{FAE04EC0-301F-11D3-BF4B-00C04F79EFBC}") = "01.NumFrom1ToN", "01.NumFrom1ToN\01.NumFrom1ToN.csproj", "{BBB18DF6-D171-4300-8171-FBD56CA285FC}"
EndProject
Project("{FAE04EC0-301F-11D3-BF4B-00C04F79EFBC}") = "02.NumbersFromNTo1", "02.NumbersFromNTo1\02.NumbersFromNTo1.csproj", "{EC79DC9E-2EDD-4B65-9DF4-C0B9961730E8}"
EndProject
Project("{FAE04EC0-301F-11D3-BF4B-00C04F79EFBC}") = "03.PowersOfTwo", "03.PowersOfTwo\03.PowersOfTwo.csproj", "{2681600D-6C2B-48AB-93FC-949A43667A85}"
EndProject
Project("{FAE04EC0-301F-11D3-BF4B-00C04F79EFBC}") = "04.EvenPowersOfTwo", "04.EvenPowersOfTwo\04.EvenPowersOfTwo.csproj", "{BB9EAF7F-C3DA-4645-8D1A-FC4273D8BB8E}"
EndProject
Project("{FAE04EC0-301F-11D3-BF4B-00C04F79EFBC}") = "05.Sequence2k+1", "05.Sequence2k+1\05.Sequence2k+1.csproj", "{23754F11-13D1-4AE5-8B29-0E9FCCB2B950}"
EndProject
Project("{FAE04EC0-301F-11D3-BF4B-00C04F79EFBC}") = "06.NumberInRange[1...100]", "06.NumberInRange[1...100]\06.NumberInRange[1...100].csproj", "{73DF8D54-D0CC-4566-B98B-A44DC63E403A}"
EndProject
Project("{FAE04EC0-301F-11D3-BF4B-00C04F79EFBC}") = "07.GreatestCommonDivisor", "07.GreatestCommonDivisor\07.GreatestCommonDivisor.csproj", "{E0602757-A4BB-4EBB-B52A-46009E47FD39}"
EndProject
Project("{FAE04EC0-301F-11D3-BF4B-00C04F79EFBC}") = "08.Factorial", "08.Factorial\08.Factorial.csproj", "{3303839B-B61F-4C91-9CAF-9EAA9F378750}"
EndProject
Project("{FAE04EC0-301F-11D3-BF4B-00C04F79EFBC}") = "09.SumDigits", "09.SumDigits\09.SumDigits.csproj", "{E56F4F48-4E33-4302-B6D5-660CC459BA5D}"
EndProject
Project("{FAE04EC0-301F-11D3-BF4B-00C04F79EFBC}") = "10.CheckPrime", "10.CheckPrime\10.CheckPrime.csproj", "{E03F6F0C-9127-4B2A-AC0D-043E99ADD708}"
EndProject
Project("{FAE04EC0-301F-11D3-BF4B-00C04F79EFBC}") = "11.EnterEvenNumber", "11.EnterEvenNumber\11.EnterEvenNumber.csproj", "{480545E1-C20C-47DD-8E48-5A63FDC4519E}"
EndProject
Project("{FAE04EC0-301F-11D3-BF4B-00C04F79EFBC}") = "12.Fibonacci", "12.Fibonacci\12.Fibonacci.csproj", "{14468EF6-0F6F-4ADD-9E6E-F968F62FC7E8}"
EndProject
Project("{FAE04EC0-301F-11D3-BF4B-00C04F79EFBC}") = "13.NumberPyramid", "13.NumberPyramid\13.NumberPyramid.csproj", "{118497B1-268C-4274-9B91-9D83B7EC00B9}"
EndProject
Project("{FAE04EC0-301F-11D3-BF4B-00C04F79EFBC}") = "14.Numbertable", "14.Numbertable\14.Numbertable.csproj", "{9C52C4A2-297A-4346-9D93-0A6DF85A7F2F}"
EndProject
Project("{FAE04EC0-301F-11D3-BF4B-00C04F79EFBC}") = "Fruits-Web-Game", "Fruits-Web-Game\Fruits-Web-Game.csproj", "{1C65FB70-0660-42CE-8377-715BF34BD0AC}"
EndProject
Project("{FAE04EC0-301F-11D3-BF4B-00C04F79EFBC}") = "15.SpecialNums", "15.SpecialNums\15.SpecialNums.csproj", "{F2021BAF-EA30-4B98-BBC4-D69328A84A1A}"
EndProject
Global
	GlobalSection(SolutionConfigurationPlatforms) = preSolution
		Debug|Any CPU = Debug|Any CPU
		Release|Any CPU = Release|Any CPU
	EndGlobalSection
	GlobalSection(ProjectConfigurationPlatforms) = postSolution
		{BBB18DF6-D171-4300-8171-FBD56CA285FC}.Debug|Any CPU.ActiveCfg = Debug|Any CPU
		{BBB18DF6-D171-4300-8171-FBD56CA285FC}.Debug|Any CPU.Build.0 = Debug|Any CPU
		{BBB18DF6-D171-4300-8171-FBD56CA285FC}.Release|Any CPU.ActiveCfg = Release|Any CPU
		{BBB18DF6-D171-4300-8171-FBD56CA285FC}.Release|Any CPU.Build.0 = Release|Any CPU
		{EC79DC9E-2EDD-4B65-9DF4-C0B9961730E8}.Debug|Any CPU.ActiveCfg = Debug|Any CPU
		{EC79DC9E-2EDD-4B65-9DF4-C0B9961730E8}.Debug|Any CPU.Build.0 = Debug|Any CPU
		{EC79DC9E-2EDD-4B65-9DF4-C0B9961730E8}.Release|Any CPU.ActiveCfg = Release|Any CPU
		{EC79DC9E-2EDD-4B65-9DF4-C0B9961730E8}.Release|Any CPU.Build.0 = Release|Any CPU
		{2681600D-6C2B-48AB-93FC-949A43667A85}.Debug|Any CPU.ActiveCfg = Debug|Any CPU
		{2681600D-6C2B-48AB-93FC-949A43667A85}.Debug|Any CPU.Build.0 = Debug|Any CPU
		{2681600D-6C2B-48AB-93FC-949A43667A85}.Release|Any CPU.ActiveCfg = Release|Any CPU
		{2681600D-6C2B-48AB-93FC-949A43667A85}.Release|Any CPU.Build.0 = Release|Any CPU
		{BB9EAF7F-C3DA-4645-8D1A-FC4273D8BB8E}.Debug|Any CPU.ActiveCfg = Debug|Any CPU
		{BB9EAF7F-C3DA-4645-8D1A-FC4273D8BB8E}.Debug|Any CPU.Build.0 = Debug|Any CPU
		{BB9EAF7F-C3DA-4645-8D1A-FC4273D8BB8E}.Release|Any CPU.ActiveCfg = Release|Any CPU
		{BB9EAF7F-C3DA-4645-8D1A-FC4273D8BB8E}.Release|Any CPU.Build.0 = Release|Any CPU
		{23754F11-13D1-4AE5-8B29-0E9FCCB2B950}.Debug|Any CPU.ActiveCfg = Debug|Any CPU
		{23754F11-13D1-4AE5-8B29-0E9FCCB2B950}.Debug|Any CPU.Build.0 = Debug|Any CPU
		{23754F11-13D1-4AE5-8B29-0E9FCCB2B950}.Release|Any CPU.ActiveCfg = Release|Any CPU
		{23754F11-13D1-4AE5-8B29-0E9FCCB2B950}.Release|Any CPU.Build.0 = Release|Any CPU
		{73DF8D54-D0CC-4566-B98B-A44DC63E403A}.Debug|Any CPU.ActiveCfg = Debug|Any CPU
		{73DF8D54-D0CC-4566-B98B-A44DC63E403A}.Debug|Any CPU.Build.0 = Debug|Any CPU
		{73DF8D54-D0CC-4566-B98B-A44DC63E403A}.Release|Any CPU.ActiveCfg = Release|Any CPU
		{73DF8D54-D0CC-4566-B98B-A44DC63E403A}.Release|Any CPU.Build.0 = Release|Any CPU
		{E0602757-A4BB-4EBB-B52A-46009E47FD39}.Debug|Any CPU.ActiveCfg = Debug|Any CPU
		{E0602757-A4BB-4EBB-B52A-46009E47FD39}.Debug|Any CPU.Build.0 = Debug|Any CPU
		{E0602757-A4BB-4EBB-B52A-46009E47FD39}.Release|Any CPU.ActiveCfg = Release|Any CPU
		{E0602757-A4BB-4EBB-B52A-46009E47FD39}.Release|Any CPU.Build.0 = Release|Any CPU
		{3303839B-B61F-4C91-9CAF-9EAA9F378750}.Debug|Any CPU.ActiveCfg = Debug|Any CPU
		{3303839B-B61F-4C91-9CAF-9EAA9F378750}.Debug|Any CPU.Build.0 = Debug|Any CPU
		{3303839B-B61F-4C91-9CAF-9EAA9F378750}.Release|Any CPU.ActiveCfg = Release|Any CPU
		{3303839B-B61F-4C91-9CAF-9EAA9F378750}.Release|Any CPU.Build.0 = Release|Any CPU
		{E56F4F48-4E33-4302-B6D5-660CC459BA5D}.Debug|Any CPU.ActiveCfg = Debug|Any CPU
		{E56F4F48-4E33-4302-B6D5-660CC459BA5D}.Debug|Any CPU.Build.0 = Debug|Any CPU
		{E56F4F48-4E33-4302-B6D5-660CC459BA5D}.Release|Any CPU.ActiveCfg = Release|Any CPU
		{E56F4F48-4E33-4302-B6D5-660CC459BA5D}.Release|Any CPU.Build.0 = Release|Any CPU
		{E03F6F0C-9127-4B2A-AC0D-043E99ADD708}.Debug|Any CPU.ActiveCfg = Debug|Any CPU
		{E03F6F0C-9127-4B2A-AC0D-043E99ADD708}.Debug|Any CPU.Build.0 = Debug|Any CPU
		{E03F6F0C-9127-4B2A-AC0D-043E99ADD708}.Release|Any CPU.ActiveCfg = Release|Any CPU
		{E03F6F0C-9127-4B2A-AC0D-043E99ADD708}.Release|Any CPU.Build.0 = Release|Any CPU
		{480545E1-C20C-47DD-8E48-5A63FDC4519E}.Debug|Any CPU.ActiveCfg = Debug|Any CPU
		{480545E1-C20C-47DD-8E48-5A63FDC4519E}.Debug|Any CPU.Build.0 = Debug|Any CPU
		{480545E1-C20C-47DD-8E48-5A63FDC4519E}.Release|Any CPU.ActiveCfg = Release|Any CPU
		{480545E1-C20C-47DD-8E48-5A63FDC4519E}.Release|Any CPU.Build.0 = Release|Any CPU
		{14468EF6-0F6F-4ADD-9E6E-F968F62FC7E8}.Debug|Any CPU.ActiveCfg = Debug|Any CPU
		{14468EF6-0F6F-4ADD-9E6E-F968F62FC7E8}.Debug|Any CPU.Build.0 = Debug|Any CPU
		{14468EF6-0F6F-4ADD-9E6E-F968F62FC7E8}.Release|Any CPU.ActiveCfg = Release|Any CPU
		{14468EF6-0F6F-4ADD-9E6E-F968F62FC7E8}.Release|Any CPU.Build.0 = Release|Any CPU
		{118497B1-268C-4274-9B91-9D83B7EC00B9}.Debug|Any CPU.ActiveCfg = Debug|Any CPU
		{118497B1-268C-4274-9B91-9D83B7EC00B9}.Debug|Any CPU.Build.0 = Debug|Any CPU
		{118497B1-268C-4274-9B91-9D83B7EC00B9}.Release|Any CPU.ActiveCfg = Release|Any CPU
		{118497B1-268C-4274-9B91-9D83B7EC00B9}.Release|Any CPU.Build.0 = Release|Any CPU
		{9C52C4A2-297A-4346-9D93-0A6DF85A7F2F}.Debug|Any CPU.ActiveCfg = Debug|Any CPU
		{9C52C4A2-297A-4346-9D93-0A6DF85A7F2F}.Debug|Any CPU.Build.0 = Debug|Any CPU
		{9C52C4A2-297A-4346-9D93-0A6DF85A7F2F}.Release|Any CPU.ActiveCfg = Release|Any CPU
		{9C52C4A2-297A-4346-9D93-0A6DF85A7F2F}.Release|Any CPU.Build.0 = Release|Any CPU
		{1C65FB70-0660-42CE-8377-715BF34BD0AC}.Debug|Any CPU.ActiveCfg = Debug|Any CPU
		{1C65FB70-0660-42CE-8377-715BF34BD0AC}.Debug|Any CPU.Build.0 = Debug|Any CPU
		{1C65FB70-0660-42CE-8377-715BF34BD0AC}.Release|Any CPU.ActiveCfg = Release|Any CPU
		{1C65FB70-0660-42CE-8377-715BF34BD0AC}.Release|Any CPU.Build.0 = Release|Any CPU
		{F2021BAF-EA30-4B98-BBC4-D69328A84A1A}.Debug|Any CPU.ActiveCfg = Debug|Any CPU
		{F2021BAF-EA30-4B98-BBC4-D69328A84A1A}.Debug|Any CPU.Build.0 = Debug|Any CPU
		{F2021BAF-EA30-4B98-BBC4-D69328A84A1A}.Release|Any CPU.ActiveCfg = Release|Any CPU
		{F2021BAF-EA30-4B98-BBC4-D69328A84A1A}.Release|Any CPU.Build.0 = Release|Any CPU
	EndGlobalSection
	GlobalSection(SolutionProperties) = preSolution
		HideSolutionNode = FALSE
	EndGlobalSection
EndGlobal
