
Microsoft Visual Studio Solution File, Format Version 12.00
# Visual Studio 14
VisualStudioVersion = 14.0.25420.1
MinimumVisualStudioVersion = 10.0.40219.1
Project("{FAE04EC0-301F-11D3-BF4B-00C04F79EFBC}") = "01.CurrencyCheck", "01.CurrencyCheck\01.CurrencyCheck.csproj", "{D4601951-2AE2-4B70-AAE6-DAD4E1E92EA0}"
EndProject
Project("{FAE04EC0-301F-11D3-BF4B-00C04F79EFBC}") = "02.DreamItem", "02.DreamItem\02.DreamItem.csproj", "{2877F6D5-383B-4A8F-85BE-70FD8A076C4F}"
EndProject
Project("{FAE04EC0-301F-11D3-BF4B-00C04F79EFBC}") = "03.MagicWand", "03.MagicWand\03.MagicWand.csproj", "{41273E91-167C-47DC-88DE-8B03C2D861FA}"
EndProject
Project("{FAE04EC0-301F-11D3-BF4B-00C04F79EFBC}") = "04.ArrayMatcher", "04.ArrayMatcher\04.ArrayMatcher.csproj", "{B48A318F-02BF-405D-989E-FBFA57501114}"
EndProject
Global
	GlobalSection(SolutionConfigurationPlatforms) = preSolution
		Debug|Any CPU = Debug|Any CPU
		Release|Any CPU = Release|Any CPU
	EndGlobalSection
	GlobalSection(ProjectConfigurationPlatforms) = postSolution
		{D4601951-2AE2-4B70-AAE6-DAD4E1E92EA0}.Debug|Any CPU.ActiveCfg = Debug|Any CPU
		{D4601951-2AE2-4B70-AAE6-DAD4E1E92EA0}.Debug|Any CPU.Build.0 = Debug|Any CPU
		{D4601951-2AE2-4B70-AAE6-DAD4E1E92EA0}.Release|Any CPU.ActiveCfg = Release|Any CPU
		{D4601951-2AE2-4B70-AAE6-DAD4E1E92EA0}.Release|Any CPU.Build.0 = Release|Any CPU
		{2877F6D5-383B-4A8F-85BE-70FD8A076C4F}.Debug|Any CPU.ActiveCfg = Debug|Any CPU
		{2877F6D5-383B-4A8F-85BE-70FD8A076C4F}.Debug|Any CPU.Build.0 = Debug|Any CPU
		{2877F6D5-383B-4A8F-85BE-70FD8A076C4F}.Release|Any CPU.ActiveCfg = Release|Any CPU
		{2877F6D5-383B-4A8F-85BE-70FD8A076C4F}.Release|Any CPU.Build.0 = Release|Any CPU
		{41273E91-167C-47DC-88DE-8B03C2D861FA}.Debug|Any CPU.ActiveCfg = Debug|Any CPU
		{41273E91-167C-47DC-88DE-8B03C2D861FA}.Debug|Any CPU.Build.0 = Debug|Any CPU
		{41273E91-167C-47DC-88DE-8B03C2D861FA}.Release|Any CPU.ActiveCfg = Release|Any CPU
		{41273E91-167C-47DC-88DE-8B03C2D861FA}.Release|Any CPU.Build.0 = Release|Any CPU
		{B48A318F-02BF-405D-989E-FBFA57501114}.Debug|Any CPU.ActiveCfg = Debug|Any CPU
		{B48A318F-02BF-405D-989E-FBFA57501114}.Debug|Any CPU.Build.0 = Debug|Any CPU
		{B48A318F-02BF-405D-989E-FBFA57501114}.Release|Any CPU.ActiveCfg = Release|Any CPU
		{B48A318F-02BF-405D-989E-FBFA57501114}.Release|Any CPU.Build.0 = Release|Any CPU
	EndGlobalSection
	GlobalSection(SolutionProperties) = preSolution
		HideSolutionNode = FALSE
	EndGlobalSection
EndGlobal
