
Microsoft Visual Studio Solution File, Format Version 12.00
# Visual Studio 14
VisualStudioVersion = 14.0.25420.1
MinimumVisualStudioVersion = 10.0.40219.1
Project("{FAE04EC0-301F-11D3-BF4B-00C04F79EFBC}") = "01.FourFactors", "01.FourFactors\01.FourFactors.csproj", "{F36170CA-CB89-442B-859D-28C515C0DB50}"
EndProject
Project("{FAE04EC0-301F-11D3-BF4B-00C04F79EFBC}") = "02.DetectiveBoev", "02.DetectiveBoev\02.DetectiveBoev.csproj", "{FA2625FB-AC98-48A5-BA36-1BCD922239AE}"
EndProject
Project("{FAE04EC0-301F-11D3-BF4B-00C04F79EFBC}") = "03.Summertime", "03.Summertime\03.Summertime.csproj", "{AF0E8339-5CC2-4198-B0F4-F18DD11A1FCD}"
EndProject
Project("{FAE04EC0-301F-11D3-BF4B-00C04F79EFBC}") = "04.LightTheTorches", "04.LightTheTorches\04.LightTheTorches.csproj", "{3EB11054-8132-4905-95E1-3969C2CD7A58}"
EndProject
Global
	GlobalSection(SolutionConfigurationPlatforms) = preSolution
		Debug|Any CPU = Debug|Any CPU
		Release|Any CPU = Release|Any CPU
	EndGlobalSection
	GlobalSection(ProjectConfigurationPlatforms) = postSolution
		{F36170CA-CB89-442B-859D-28C515C0DB50}.Debug|Any CPU.ActiveCfg = Debug|Any CPU
		{F36170CA-CB89-442B-859D-28C515C0DB50}.Debug|Any CPU.Build.0 = Debug|Any CPU
		{F36170CA-CB89-442B-859D-28C515C0DB50}.Release|Any CPU.ActiveCfg = Release|Any CPU
		{F36170CA-CB89-442B-859D-28C515C0DB50}.Release|Any CPU.Build.0 = Release|Any CPU
		{FA2625FB-AC98-48A5-BA36-1BCD922239AE}.Debug|Any CPU.ActiveCfg = Debug|Any CPU
		{FA2625FB-AC98-48A5-BA36-1BCD922239AE}.Debug|Any CPU.Build.0 = Debug|Any CPU
		{FA2625FB-AC98-48A5-BA36-1BCD922239AE}.Release|Any CPU.ActiveCfg = Release|Any CPU
		{FA2625FB-AC98-48A5-BA36-1BCD922239AE}.Release|Any CPU.Build.0 = Release|Any CPU
		{AF0E8339-5CC2-4198-B0F4-F18DD11A1FCD}.Debug|Any CPU.ActiveCfg = Debug|Any CPU
		{AF0E8339-5CC2-4198-B0F4-F18DD11A1FCD}.Debug|Any CPU.Build.0 = Debug|Any CPU
		{AF0E8339-5CC2-4198-B0F4-F18DD11A1FCD}.Release|Any CPU.ActiveCfg = Release|Any CPU
		{AF0E8339-5CC2-4198-B0F4-F18DD11A1FCD}.Release|Any CPU.Build.0 = Release|Any CPU
		{3EB11054-8132-4905-95E1-3969C2CD7A58}.Debug|Any CPU.ActiveCfg = Debug|Any CPU
		{3EB11054-8132-4905-95E1-3969C2CD7A58}.Debug|Any CPU.Build.0 = Debug|Any CPU
		{3EB11054-8132-4905-95E1-3969C2CD7A58}.Release|Any CPU.ActiveCfg = Release|Any CPU
		{3EB11054-8132-4905-95E1-3969C2CD7A58}.Release|Any CPU.Build.0 = Release|Any CPU
	EndGlobalSection
	GlobalSection(SolutionProperties) = preSolution
		HideSolutionNode = FALSE
	EndGlobalSection
EndGlobal
