
Microsoft Visual Studio Solution File, Format Version 12.00
# Visual Studio 14
VisualStudioVersion = 14.0.25420.1
MinimumVisualStudioVersion = 10.0.40219.1
Project("{FAE04EC0-301F-11D3-BF4B-00C04F79EFBC}") = "01.TheBetterMusicProducer", "01.TheBetterMusicProducer\01.TheBetterMusicProducer.csproj", "{8631622E-C5B6-4E7E-897B-FF078FE5EE51}"
EndProject
Project("{FAE04EC0-301F-11D3-BF4B-00C04F79EFBC}") = "02.GrandTheftExamo", "02.GrandTheftExamo\02.GrandTheftExamo.csproj", "{5DC68C27-4204-41F9-993B-72C4C63FC433}"
EndProject
Project("{FAE04EC0-301F-11D3-BF4B-00C04F79EFBC}") = "03.PlaidTowel", "03.PlaidTowel\03.PlaidTowel.csproj", "{4670C944-2094-4E18-BF3B-9F0C5C5DE44A}"
EndProject
Project("{FAE04EC0-301F-11D3-BF4B-00C04F79EFBC}") = "04.Firefighters", "04.Firefighters\04.Firefighters.csproj", "{301D62B2-5503-49CE-A1AA-0273AE264E89}"
EndProject
Global
	GlobalSection(SolutionConfigurationPlatforms) = preSolution
		Debug|Any CPU = Debug|Any CPU
		Release|Any CPU = Release|Any CPU
	EndGlobalSection
	GlobalSection(ProjectConfigurationPlatforms) = postSolution
		{8631622E-C5B6-4E7E-897B-FF078FE5EE51}.Debug|Any CPU.ActiveCfg = Debug|Any CPU
		{8631622E-C5B6-4E7E-897B-FF078FE5EE51}.Debug|Any CPU.Build.0 = Debug|Any CPU
		{8631622E-C5B6-4E7E-897B-FF078FE5EE51}.Release|Any CPU.ActiveCfg = Release|Any CPU
		{8631622E-C5B6-4E7E-897B-FF078FE5EE51}.Release|Any CPU.Build.0 = Release|Any CPU
		{5DC68C27-4204-41F9-993B-72C4C63FC433}.Debug|Any CPU.ActiveCfg = Debug|Any CPU
		{5DC68C27-4204-41F9-993B-72C4C63FC433}.Debug|Any CPU.Build.0 = Debug|Any CPU
		{5DC68C27-4204-41F9-993B-72C4C63FC433}.Release|Any CPU.ActiveCfg = Release|Any CPU
		{5DC68C27-4204-41F9-993B-72C4C63FC433}.Release|Any CPU.Build.0 = Release|Any CPU
		{4670C944-2094-4E18-BF3B-9F0C5C5DE44A}.Debug|Any CPU.ActiveCfg = Debug|Any CPU
		{4670C944-2094-4E18-BF3B-9F0C5C5DE44A}.Debug|Any CPU.Build.0 = Debug|Any CPU
		{4670C944-2094-4E18-BF3B-9F0C5C5DE44A}.Release|Any CPU.ActiveCfg = Release|Any CPU
		{4670C944-2094-4E18-BF3B-9F0C5C5DE44A}.Release|Any CPU.Build.0 = Release|Any CPU
		{301D62B2-5503-49CE-A1AA-0273AE264E89}.Debug|Any CPU.ActiveCfg = Debug|Any CPU
		{301D62B2-5503-49CE-A1AA-0273AE264E89}.Debug|Any CPU.Build.0 = Debug|Any CPU
		{301D62B2-5503-49CE-A1AA-0273AE264E89}.Release|Any CPU.ActiveCfg = Release|Any CPU
		{301D62B2-5503-49CE-A1AA-0273AE264E89}.Release|Any CPU.Build.0 = Release|Any CPU
	EndGlobalSection
	GlobalSection(SolutionProperties) = preSolution
		HideSolutionNode = FALSE
	EndGlobalSection
EndGlobal
