
Microsoft Visual Studio Solution File, Format Version 12.00
# Visual Studio 14
VisualStudioVersion = 14.0.25420.1
MinimumVisualStudioVersion = 10.0.40219.1
Project("{FAE04EC0-301F-11D3-BF4B-00C04F79EFBC}") = "01.ConvertFromBase-10ToBase-N", "01.ConvertFromBase-10ToBase-N\01.ConvertFromBase-10ToBase-N.csproj", "{C7D1197E-7160-4CD6-A994-8AEF8930DC67}"
EndProject
Project("{FAE04EC0-301F-11D3-BF4B-00C04F79EFBC}") = "02.ConvertFromBase-NToBase-10", "02.ConvertFromBase-NToBase-10\02.ConvertFromBase-NToBase-10.csproj", "{FE2C25B4-2F74-489D-8FA5-BFEBC9D4903B}"
EndProject
Project("{FAE04EC0-301F-11D3-BF4B-00C04F79EFBC}") = "04.CharacterMultiplier", "04.CharacterMultiplier\04.CharacterMultiplier.csproj", "{D1D4567B-4A67-4BCC-B1E2-02E5555920D2}"
EndProject
Project("{FAE04EC0-301F-11D3-BF4B-00C04F79EFBC}") = "03.UnicodeCharacters", "03.UnicodeCharacters\03.UnicodeCharacters.csproj", "{02627343-5549-4BC0-8592-02DB16B0A839}"
EndProject
Project("{FAE04EC0-301F-11D3-BF4B-00C04F79EFBC}") = "05.MagicExchangeableWords", "05.MagicExchangeableWords\05.MagicExchangeableWords.csproj", "{3BE4C29E-1517-4357-A02C-0C049A6E63C8}"
EndProject
Project("{FAE04EC0-301F-11D3-BF4B-00C04F79EFBC}") = "06.SumBigNumbers", "06.SumBigNumbers\06.SumBigNumbers.csproj", "{0AF97BEA-556A-4284-9C56-1593CEAEA547}"
EndProject
Project("{FAE04EC0-301F-11D3-BF4B-00C04F79EFBC}") = "07.MultiplyBigNumber", "07.MultiplyBigNumber\07.MultiplyBigNumber.csproj", "{34C5E770-82E6-4BA5-A421-70AC9D87DAB5}"
EndProject
Project("{FAE04EC0-301F-11D3-BF4B-00C04F79EFBC}") = "08.LettersChangeNumbers", "08.LettersChangeNumbers\08.LettersChangeNumbers.csproj", "{BCD511BD-F13C-4B21-98F3-80AEADF9A542}"
EndProject
Project("{FAE04EC0-301F-11D3-BF4B-00C04F79EFBC}") = "09.MelrahShake", "09.MelrahShake\09.MelrahShake.csproj", "{522EB53A-0D4D-4F7F-8867-C66FB053BBA3}"
EndProject
Project("{FAE04EC0-301F-11D3-BF4B-00C04F79EFBC}") = "10.ExtractEmails", "10.ExtractEmails\10.ExtractEmails.csproj", "{C8680CB4-9FBA-4906-B9A6-CED892C83380}"
EndProject
Project("{FAE04EC0-301F-11D3-BF4B-00C04F79EFBC}") = "11.ExtractSentencesByKeyword", "11.ExtractSentencesByKeyword\11.ExtractSentencesByKeyword.csproj", "{BD638730-3C64-461B-87DD-CF9972FD17B7}"
EndProject
Project("{FAE04EC0-301F-11D3-BF4B-00C04F79EFBC}") = "12.ValidUsernames", "12.ValidUsernames\12.ValidUsernames.csproj", "{542004A3-4E12-4551-B231-79421EDE486C}"
EndProject
Project("{FAE04EC0-301F-11D3-BF4B-00C04F79EFBC}") = "13.QueryMess", "13.QueryMess\13.QueryMess.csproj", "{CB81D8C5-8E7E-4D54-B0DD-E9C6C243F106}"
EndProject
Project("{FAE04EC0-301F-11D3-BF4B-00C04F79EFBC}") = "14.UseYourChainsBuddy", "14.UseYourChainsBuddy\14.UseYourChainsBuddy.csproj", "{BC41A978-49C6-452A-B607-75BBF62030FF}"
EndProject
Global
	GlobalSection(SolutionConfigurationPlatforms) = preSolution
		Debug|Any CPU = Debug|Any CPU
		Release|Any CPU = Release|Any CPU
	EndGlobalSection
	GlobalSection(ProjectConfigurationPlatforms) = postSolution
		{C7D1197E-7160-4CD6-A994-8AEF8930DC67}.Debug|Any CPU.ActiveCfg = Debug|Any CPU
		{C7D1197E-7160-4CD6-A994-8AEF8930DC67}.Debug|Any CPU.Build.0 = Debug|Any CPU
		{C7D1197E-7160-4CD6-A994-8AEF8930DC67}.Release|Any CPU.ActiveCfg = Release|Any CPU
		{C7D1197E-7160-4CD6-A994-8AEF8930DC67}.Release|Any CPU.Build.0 = Release|Any CPU
		{FE2C25B4-2F74-489D-8FA5-BFEBC9D4903B}.Debug|Any CPU.ActiveCfg = Debug|Any CPU
		{FE2C25B4-2F74-489D-8FA5-BFEBC9D4903B}.Debug|Any CPU.Build.0 = Debug|Any CPU
		{FE2C25B4-2F74-489D-8FA5-BFEBC9D4903B}.Release|Any CPU.ActiveCfg = Release|Any CPU
		{FE2C25B4-2F74-489D-8FA5-BFEBC9D4903B}.Release|Any CPU.Build.0 = Release|Any CPU
		{D1D4567B-4A67-4BCC-B1E2-02E5555920D2}.Debug|Any CPU.ActiveCfg = Debug|Any CPU
		{D1D4567B-4A67-4BCC-B1E2-02E5555920D2}.Debug|Any CPU.Build.0 = Debug|Any CPU
		{D1D4567B-4A67-4BCC-B1E2-02E5555920D2}.Release|Any CPU.ActiveCfg = Release|Any CPU
		{D1D4567B-4A67-4BCC-B1E2-02E5555920D2}.Release|Any CPU.Build.0 = Release|Any CPU
		{02627343-5549-4BC0-8592-02DB16B0A839}.Debug|Any CPU.ActiveCfg = Debug|Any CPU
		{02627343-5549-4BC0-8592-02DB16B0A839}.Debug|Any CPU.Build.0 = Debug|Any CPU
		{02627343-5549-4BC0-8592-02DB16B0A839}.Release|Any CPU.ActiveCfg = Release|Any CPU
		{02627343-5549-4BC0-8592-02DB16B0A839}.Release|Any CPU.Build.0 = Release|Any CPU
		{3BE4C29E-1517-4357-A02C-0C049A6E63C8}.Debug|Any CPU.ActiveCfg = Debug|Any CPU
		{3BE4C29E-1517-4357-A02C-0C049A6E63C8}.Debug|Any CPU.Build.0 = Debug|Any CPU
		{3BE4C29E-1517-4357-A02C-0C049A6E63C8}.Release|Any CPU.ActiveCfg = Release|Any CPU
		{3BE4C29E-1517-4357-A02C-0C049A6E63C8}.Release|Any CPU.Build.0 = Release|Any CPU
		{0AF97BEA-556A-4284-9C56-1593CEAEA547}.Debug|Any CPU.ActiveCfg = Debug|Any CPU
		{0AF97BEA-556A-4284-9C56-1593CEAEA547}.Debug|Any CPU.Build.0 = Debug|Any CPU
		{0AF97BEA-556A-4284-9C56-1593CEAEA547}.Release|Any CPU.ActiveCfg = Release|Any CPU
		{0AF97BEA-556A-4284-9C56-1593CEAEA547}.Release|Any CPU.Build.0 = Release|Any CPU
		{34C5E770-82E6-4BA5-A421-70AC9D87DAB5}.Debug|Any CPU.ActiveCfg = Debug|Any CPU
		{34C5E770-82E6-4BA5-A421-70AC9D87DAB5}.Debug|Any CPU.Build.0 = Debug|Any CPU
		{34C5E770-82E6-4BA5-A421-70AC9D87DAB5}.Release|Any CPU.ActiveCfg = Release|Any CPU
		{34C5E770-82E6-4BA5-A421-70AC9D87DAB5}.Release|Any CPU.Build.0 = Release|Any CPU
		{BCD511BD-F13C-4B21-98F3-80AEADF9A542}.Debug|Any CPU.ActiveCfg = Debug|Any CPU
		{BCD511BD-F13C-4B21-98F3-80AEADF9A542}.Debug|Any CPU.Build.0 = Debug|Any CPU
		{BCD511BD-F13C-4B21-98F3-80AEADF9A542}.Release|Any CPU.ActiveCfg = Release|Any CPU
		{BCD511BD-F13C-4B21-98F3-80AEADF9A542}.Release|Any CPU.Build.0 = Release|Any CPU
		{522EB53A-0D4D-4F7F-8867-C66FB053BBA3}.Debug|Any CPU.ActiveCfg = Debug|Any CPU
		{522EB53A-0D4D-4F7F-8867-C66FB053BBA3}.Debug|Any CPU.Build.0 = Debug|Any CPU
		{522EB53A-0D4D-4F7F-8867-C66FB053BBA3}.Release|Any CPU.ActiveCfg = Release|Any CPU
		{522EB53A-0D4D-4F7F-8867-C66FB053BBA3}.Release|Any CPU.Build.0 = Release|Any CPU
		{C8680CB4-9FBA-4906-B9A6-CED892C83380}.Debug|Any CPU.ActiveCfg = Debug|Any CPU
		{C8680CB4-9FBA-4906-B9A6-CED892C83380}.Debug|Any CPU.Build.0 = Debug|Any CPU
		{C8680CB4-9FBA-4906-B9A6-CED892C83380}.Release|Any CPU.ActiveCfg = Release|Any CPU
		{C8680CB4-9FBA-4906-B9A6-CED892C83380}.Release|Any CPU.Build.0 = Release|Any CPU
		{BD638730-3C64-461B-87DD-CF9972FD17B7}.Debug|Any CPU.ActiveCfg = Debug|Any CPU
		{BD638730-3C64-461B-87DD-CF9972FD17B7}.Debug|Any CPU.Build.0 = Debug|Any CPU
		{BD638730-3C64-461B-87DD-CF9972FD17B7}.Release|Any CPU.ActiveCfg = Release|Any CPU
		{BD638730-3C64-461B-87DD-CF9972FD17B7}.Release|Any CPU.Build.0 = Release|Any CPU
		{542004A3-4E12-4551-B231-79421EDE486C}.Debug|Any CPU.ActiveCfg = Debug|Any CPU
		{542004A3-4E12-4551-B231-79421EDE486C}.Debug|Any CPU.Build.0 = Debug|Any CPU
		{542004A3-4E12-4551-B231-79421EDE486C}.Release|Any CPU.ActiveCfg = Release|Any CPU
		{542004A3-4E12-4551-B231-79421EDE486C}.Release|Any CPU.Build.0 = Release|Any CPU
		{CB81D8C5-8E7E-4D54-B0DD-E9C6C243F106}.Debug|Any CPU.ActiveCfg = Debug|Any CPU
		{CB81D8C5-8E7E-4D54-B0DD-E9C6C243F106}.Debug|Any CPU.Build.0 = Debug|Any CPU
		{CB81D8C5-8E7E-4D54-B0DD-E9C6C243F106}.Release|Any CPU.ActiveCfg = Release|Any CPU
		{CB81D8C5-8E7E-4D54-B0DD-E9C6C243F106}.Release|Any CPU.Build.0 = Release|Any CPU
		{BC41A978-49C6-452A-B607-75BBF62030FF}.Debug|Any CPU.ActiveCfg = Debug|Any CPU
		{BC41A978-49C6-452A-B607-75BBF62030FF}.Debug|Any CPU.Build.0 = Debug|Any CPU
		{BC41A978-49C6-452A-B607-75BBF62030FF}.Release|Any CPU.ActiveCfg = Release|Any CPU
		{BC41A978-49C6-452A-B607-75BBF62030FF}.Release|Any CPU.Build.0 = Release|Any CPU
	EndGlobalSection
	GlobalSection(SolutionProperties) = preSolution
		HideSolutionNode = FALSE
	EndGlobalSection
EndGlobal
